// !$*UTF8*$!
{
	archiveVersion = 1;
	classes = {
	};
	objectVersion = 46;
	objects = {

/* Begin PBXBuildFile section */
		447798021DFC9EBA004DA42D /* AppDelegate.swift in Sources */ = {isa = PBXBuildFile; fileRef = 447798011DFC9EBA004DA42D /* AppDelegate.swift */; };
		447798041DFC9EBA004DA42D /* HamburgerViewController.swift in Sources */ = {isa = PBXBuildFile; fileRef = 447798031DFC9EBA004DA42D /* HamburgerViewController.swift */; };
		447798071DFC9EBA004DA42D /* Main.storyboard in Resources */ = {isa = PBXBuildFile; fileRef = 447798051DFC9EBA004DA42D /* Main.storyboard */; };
		447798091DFC9EBA004DA42D /* Assets.xcassets in Resources */ = {isa = PBXBuildFile; fileRef = 447798081DFC9EBA004DA42D /* Assets.xcassets */; };
		4477980C1DFC9EBA004DA42D /* LaunchScreen.storyboard in Resources */ = {isa = PBXBuildFile; fileRef = 4477980A1DFC9EBA004DA42D /* LaunchScreen.storyboard */; };
		447798141DFCABD3004DA42D /* MenuViewController.swift in Sources */ = {isa = PBXBuildFile; fileRef = 447798131DFCABD3004DA42D /* MenuViewController.swift */; };
/* End PBXBuildFile section */

/* Begin PBXFileReference section */
		447797FE1DFC9EBA004DA42D /* bFashionIster.app */ = {isa = PBXFileReference; explicitFileType = wrapper.application; includeInIndex = 0; path = bFashionIster.app; sourceTree = BUILT_PRODUCTS_DIR; };
		447798011DFC9EBA004DA42D /* AppDelegate.swift */ = {isa = PBXFileReference; lastKnownFileType = sourcecode.swift; path = AppDelegate.swift; sourceTree = "<group>"; };
		447798031DFC9EBA004DA42D /* HamburgerViewController.swift */ = {isa = PBXFileReference; lastKnownFileType = sourcecode.swift; path = HamburgerViewController.swift; sourceTree = "<group>"; };
		447798061DFC9EBA004DA42D /* Base */ = {isa = PBXFileReference; lastKnownFileType = file.storyboard; name = Base; path = Base.lproj/Main.storyboard; sourceTree = "<group>"; };
		447798081DFC9EBA004DA42D /* Assets.xcassets */ = {isa = PBXFileReference; lastKnownFileType = folder.assetcatalog; path = Assets.xcassets; sourceTree = "<group>"; };
		4477980B1DFC9EBA004DA42D /* Base */ = {isa = PBXFileReference; lastKnownFileType = file.storyboard; name = Base; path = Base.lproj/LaunchScreen.storyboard; sourceTree = "<group>"; };
		4477980D1DFC9EBA004DA42D /* Info.plist */ = {isa = PBXFileReference; lastKnownFileType = text.plist.xml; path = Info.plist; sourceTree = "<group>"; };
		447798131DFCABD3004DA42D /* MenuViewController.swift */ = {isa = PBXFileReference; fileEncoding = 4; lastKnownFileType = sourcecode.swift; path = MenuViewController.swift; sourceTree = "<group>"; };
/* End PBXFileReference section */

/* Begin PBXFrameworksBuildPhase section */
		447797FB1DFC9EBA004DA42D /* Frameworks */ = {
			isa = PBXFrameworksBuildPhase;
			buildActionMask = 2147483647;
			files = (
			);
			runOnlyForDeploymentPostprocessing = 0;
		};
/* End PBXFrameworksBuildPhase section */

/* Begin PBXGroup section */
		447797F51DFC9EBA004DA42D = {
			isa = PBXGroup;
			children = (
				447798001DFC9EBA004DA42D /* bFashionIster */,
				447797FF1DFC9EBA004DA42D /* Products */,
			);
			sourceTree = "<group>";
		};
		447797FF1DFC9EBA004DA42D /* Products */ = {
			isa = PBXGroup;
			children = (
				447797FE1DFC9EBA004DA42D /* bFashionIster.app */,
			);
			name = Products;
			sourceTree = "<group>";
		};
		447798001DFC9EBA004DA42D /* bFashionIster */ = {
			isa = PBXGroup;
			children = (
				447798011DFC9EBA004DA42D /* AppDelegate.swift */,
				447798031DFC9EBA004DA42D /* HamburgerViewController.swift */,
				447798131DFCABD3004DA42D /* MenuViewController.swift */,
				447798051DFC9EBA004DA42D /* Main.storyboard */,
				447798081DFC9EBA004DA42D /* Assets.xcassets */,
				4477980A1DFC9EBA004DA42D /* LaunchScreen.storyboard */,
				4477980D1DFC9EBA004DA42D /* Info.plist */,
			);
			path = bFashionIster;
			sourceTree = "<group>";
		};
/* End PBXGroup section */

/* Begin PBXNativeTarget section */
		447797FD1DFC9EBA004DA42D /* bFashionIster */ = {
			isa = PBXNativeTarget;
			buildConfigurationList = 447798101DFC9EBA004DA42D /* Build configuration list for PBXNativeTarget "bFashionIster" */;
			buildPhases = (
				447797FA1DFC9EBA004DA42D /* Sources */,
				447797FB1DFC9EBA004DA42D /* Frameworks */,
				447797FC1DFC9EBA004DA42D /* Resources */,
			);
			buildRules = (
			);
			dependencies = (
			);
			name = bFashionIster;
			productName = bFashionIster;
			productReference = 447797FE1DFC9EBA004DA42D /* bFashionIster.app */;
			productType = "com.apple.product-type.application";
		};
/* End PBXNativeTarget section */

/* Begin PBXProject section */
		447797F61DFC9EBA004DA42D /* Project object */ = {
			isa = PBXProject;
			attributes = {
				LastSwiftUpdateCheck = 0810;
				LastUpgradeCheck = 0810;
				ORGANIZATIONNAME = "Mary Martinez";
				TargetAttributes = {
					447797FD1DFC9EBA004DA42D = {
						CreatedOnToolsVersion = 8.1;
						DevelopmentTeam = 6NZ47HJYTD;
						ProvisioningStyle = Automatic;
					};
				};
			};
			buildConfigurationList = 447797F91DFC9EBA004DA42D /* Build configuration list for PBXProject "bFashionIster" */;
			compatibilityVersion = "Xcode 3.2";
			developmentRegion = English;
			hasScannedForEncodings = 0;
			knownRegions = (
				en,
				Base,
			);
			mainGroup = 447797F51DFC9EBA004DA42D;
			productRefGroup = 447797FF1DFC9EBA004DA42D /* Products */;
			projectDirPath = "";
			projectRoot = "";
			targets = (
				447797FD1DFC9EBA004DA42D /* bFashionIster */,
			);
		};
/* End PBXProject section */

/* Begin PBXResourcesBuildPhase section */
		447797FC1DFC9EBA004DA42D /* Resources */ = {
			isa = PBXResourcesBuildPhase;
			buildActionMask = 2147483647;
			files = (
				4477980C1DFC9EBA004DA42D /* LaunchScreen.storyboard in Resources */,
				447798091DFC9EBA004DA42D /* Assets.xcassets in Resources */,
				447798071DFC9EBA004DA42D /* Main.storyboard in Resources */,
			);
			runOnlyForDeploymentPostprocessing = 0;
		};
/* End PBXResourcesBuildPhase section */

/* Begin PBXSourcesBuildPhase section */
		447797FA1DFC9EBA004DA42D /* Sources */ = {
			isa = PBXSourcesBuildPhase;
			buildActionMask = 2147483647;
			files = (
				447798041DFC9EBA004DA42D /* HamburgerViewController.swift in Sources */,
				447798141DFCABD3004DA42D /* MenuViewController.swift in Sources */,
				447798021DFC9EBA004DA42D /* AppDelegate.swift in Sources */,
			);
			runOnlyForDeploymentPostprocessing = 0;
		};
/* End PBXSourcesBuildPhase section */

/* Begin PBXVariantGroup section */
		447798051DFC9EBA004DA42D /* Main.storyboard */ = {
			isa = PBXVariantGroup;
			children = (
				447798061DFC9EBA004DA42D /* Base */,
			);
			name = Main.storyboard;
			sourceTree = "<group>";
		};
		4477980A1DFC9EBA004DA42D /* LaunchScreen.storyboard */ = {
			isa = PBXVariantGroup;
			children = (
				4477980B1DFC9EBA004DA42D /* Base */,
			);
			name = LaunchScreen.storyboard;
			sourceTree = "<group>";
		};
/* End PBXVariantGroup section */

/* Begin XCBuildConfiguration section */
		4477980E1DFC9EBA004DA42D /* Debug */ = {
			isa = XCBuildConfiguration;
			buildSettings = {
				ALWAYS_SEARCH_USER_PATHS = NO;
				CLANG_ANALYZER_NONNULL = YES;
				CLANG_CXX_LANGUAGE_STANDARD = "gnu++0x";
				CLANG_CXX_LIBRARY = "libc++";
				CLANG_ENABLE_MODULES = YES;
				CLANG_ENABLE_OBJC_ARC = YES;
				CLANG_WARN_BOOL_CONVERSION = YES;
				CLANG_WARN_CONSTANT_CONVERSION = YES;
				CLANG_WARN_DIRECT_OBJC_ISA_USAGE = YES_ERROR;
				CLANG_WARN_DOCUMENTATION_COMMENTS = YES;
				CLANG_WARN_EMPTY_BODY = YES;
				CLANG_WARN_ENUM_CONVERSION = YES;
				CLANG_WARN_INFINITE_RECURSION = YES;
				CLANG_WARN_INT_CONVERSION = YES;
				CLANG_WARN_OBJC_ROOT_CLASS = YES_ERROR;
				CLANG_WARN_SUSPICIOUS_MOVES = YES;
				CLANG_WARN_UNREACHABLE_CODE = YES;
				CLANG_WARN__DUPLICATE_METHOD_MATCH = YES;
				"CODE_SIGN_IDENTITY[sdk=iphoneos*]" = "iPhone Developer";
				COPY_PHASE_STRIP = NO;
				DEBUG_INFORMATION_FORMAT = dwarf;
				ENABLE_STRICT_OBJC_MSGSEND = YES;
				ENABLE_TESTABILITY = YES;
				GCC_C_LANGUAGE_STANDARD = gnu99;
				GCC_DYNAMIC_NO_PIC = NO;
				GCC_NO_COMMON_BLOCKS = YES;
				GCC_OPTIMIZATION_LEVEL = 0;
				GCC_PREPROCESSOR_DEFINITIONS = (
					"DEBUG=1",
					"$(inherited)",
				);
				GCC_WARN_64_TO_32_BIT_CONVERSION = YES;
				GCC_WARN_ABOUT_RETURN_TYPE = YES_ERROR;
				GCC_WARN_UNDECLARED_SELECTOR = YES;
				GCC_WARN_UNINITIALIZED_AUTOS = YES_AGGRESSIVE;
				GCC_WARN_UNUSED_FUNCTION = YES;
				GCC_WARN_UNUSED_VARIABLE = YES;
				IPHONEOS_DEPLOYMENT_TARGET = 10.1;
				MTL_ENABLE_DEBUG_INFO = YES;
				ONLY_ACTIVE_ARCH = YES;
				SDKROOT = iphoneos;
				SWIFT_ACTIVE_COMPILATION_CONDITIONS = DEBUG;
				SWIFT_OPTIMIZATION_LEVEL = "-Onone";
				TARGETED_DEVICE_FAMILY = "1,2";
			};
			name = Debug;
		};
		4477980F1DFC9EBA004DA42D /* Release */ = {
			isa = XCBuildConfiguration;
			buildSettings = {
				ALWAYS_SEARCH_USER_PATHS = NO;
				CLANG_ANALYZER_NONNULL = YES;
				CLANG_CXX_LANGUAGE_STANDARD = "gnu++0x";
				CLANG_CXX_LIBRARY = "libc++";
				CLANG_ENABLE_MODULES = YES;
				CLANG_ENABLE_OBJC_ARC = YES;
				CLANG_WARN_BOOL_CONVERSION = YES;
				CLANG_WARN_CONSTANT_CONVERSION = YES;
				CLANG_WARN_DIRECT_OBJC_ISA_USAGE = YES_ERROR;
				CLANG_WARN_DOCUMENTATION_COMMENTS = YES;
				CLANG_WARN_EMPTY_BODY = YES;
				CLANG_WARN_ENUM_CONVERSION = YES;
				CLANG_WARN_INFINITE_RECURSION = YES;
				CLANG_WARN_INT_CONVERSION = YES;
				CLANG_WARN_OBJC_ROOT_CLASS = YES_ERROR;
				CLANG_WARN_SUSPICIOUS_MOVES = YES;
				CLANG_WARN_UNREACHABLE_CODE = YES;
				CLANG_WARN__DUPLICATE_METHOD_MATCH = YES;
				"CODE_SIGN_IDENTITY[sdk=iphoneos*]" = "iPhone Developer";
				COPY_PHASE_STRIP = NO;
				DEBUG_INFORMATION_FORMAT = "dwarf-with-dsym";
				ENABLE_NS_ASSERTIONS = NO;
				ENABLE_STRICT_OBJC_MSGSEND = YES;
				GCC_C_LANGUAGE_STANDARD = gnu99;
				GCC_NO_COMMON_BLOCKS = YES;
				GCC_WARN_64_TO_32_BIT_CONVERSION = YES;
				GCC_WARN_ABOUT_RETURN_TYPE = YES_ERROR;
				GCC_WARN_UNDECLARED_SELECTOR = YES;
				GCC_WARN_UNINITIALIZED_AUTOS = YES_AGGRESSIVE;
				GCC_WARN_UNUSED_FUNCTION = YES;
				GCC_WARN_UNUSED_VARIABLE = YES;
				IPHONEOS_DEPLOYMENT_TARGET = 10.1;
				MTL_ENABLE_DEBUG_INFO = NO;
				SDKROOT = iphoneos;
				SWIFT_OPTIMIZATION_LEVEL = "-Owholemodule";
				TARGETED_DEVICE_FAMILY = "1,2";
				VALIDATE_PRODUCT = YES;
			};
			name = Release;
		};
		447798111DFC9EBA004DA42D /* Debug */ = {
			isa = XCBuildConfiguration;
			buildSettings = {
				ASSETCATALOG_COMPILER_APPICON_NAME = AppIcon;
				DEVELOPMENT_TEAM = 6NZ47HJYTD;
				INFOPLIST_FILE = bFashionIster/Info.plist;
				LD_RUNPATH_SEARCH_PATHS = "$(inherited) @executable_path/Frameworks";
				PRODUCT_BUNDLE_IDENTIFIER = com.mmartinez.bFashionIster;
				PRODUCT_NAME = "$(TARGET_NAME)";
				SWIFT_VERSION = 3.0;
			};
			name = Debug;
		};
		447798121DFC9EBA004DA42D /* Release */ = {
			isa = XCBuildConfiguration;
			buildSettings = {
				ASSETCATALOG_COMPILER_APPICON_NAME = AppIcon;
				DEVELOPMENT_TEAM = 6NZ47HJYTD;
				INFOPLIST_FILE = bFashionIster/Info.plist;
				LD_RUNPATH_SEARCH_PATHS = "$(inherited) @executable_path/Frameworks";
				PRODUCT_BUNDLE_IDENTIFIER = com.mmartinez.bFashionIster;
				PRODUCT_NAME = "$(TARGET_NAME)";
				SWIFT_VERSION = 3.0;
			};
			name = Release;
		};
/* End XCBuildConfiguration section */

/* Begin XCConfigurationList section */
		447797F91DFC9EBA004DA42D /* Build configuration list for PBXProject "bFashionIster" */ = {
			isa = XCConfigurationList;
			buildConfigurations = (
				4477980E1DFC9EBA004DA42D /* Debug */,
				4477980F1DFC9EBA004DA42D /* Release */,
			);
			defaultConfigurationIsVisible = 0;
			defaultConfigurationName = Release;
		};
		447798101DFC9EBA004DA42D /* Build configuration list for PBXNativeTarget "bFashionIster" */ = {
			isa = XCConfigurationList;
			buildConfigurations = (
				447798111DFC9EBA004DA42D /* Debug */,
				447798121DFC9EBA004DA42D /* Release */,
			);
			defaultConfigurationIsVisible = 0;
			defaultConfigurationName = Release;
		};
/* End XCConfigurationList section */
	};
	rootObject = 447797F61DFC9EBA004DA42D /* Project object */;
}
