// !$*UTF8*$!
{
	archiveVersion = 1;
	classes = {
	};
	objectVersion = 46;
	objects = {

/* Begin PBXBuildFile section */
		2C807580BE00CD2180086C14 /* Pods_bFashionIster.framework in Frameworks */ = {isa = PBXBuildFile; fileRef = C62F2F795F36CDC2EDE7AF3F /* Pods_bFashionIster.framework */; };
		443017DD1E0CD6E0000755BD /* Helper.swift in Sources */ = {isa = PBXBuildFile; fileRef = 443017DC1E0CD6E0000755BD /* Helper.swift */; };
		4449D1F41E58A99700E34F30 /* OutfitArticleCollectionViewCell.swift in Sources */ = {isa = PBXBuildFile; fileRef = 4449D1F21E58A99700E34F30 /* OutfitArticleCollectionViewCell.swift */; };
		4449D1F51E58A99700E34F30 /* OutfitArticleCollectionViewCell.xib in Resources */ = {isa = PBXBuildFile; fileRef = 4449D1F31E58A99700E34F30 /* OutfitArticleCollectionViewCell.xib */; };
		4452B3161E0264CA0068A85E /* Extensions.swift in Sources */ = {isa = PBXBuildFile; fileRef = 4452B3151E0264CA0068A85E /* Extensions.swift */; };
		4460BD251E08D01A00753281 /* TestData.swift in Sources */ = {isa = PBXBuildFile; fileRef = 4460BD241E08D01A00753281 /* TestData.swift */; };
		4460BD271E08D7C900753281 /* ArticleCollectionView.swift in Sources */ = {isa = PBXBuildFile; fileRef = 4460BD261E08D7C900753281 /* ArticleCollectionView.swift */; };
		446390C91E27117C002FDAE2 /* PannableViewController.swift in Sources */ = {isa = PBXBuildFile; fileRef = 446390C81E27117C002FDAE2 /* PannableViewController.swift */; };
		446390CB1E27123C002FDAE2 /* ControllerDelegate.swift in Sources */ = {isa = PBXBuildFile; fileRef = 446390CA1E27123C002FDAE2 /* ControllerDelegate.swift */; };
		447798021DFC9EBA004DA42D /* AppDelegate.swift in Sources */ = {isa = PBXBuildFile; fileRef = 447798011DFC9EBA004DA42D /* AppDelegate.swift */; };
		447798091DFC9EBA004DA42D /* Assets.xcassets in Resources */ = {isa = PBXBuildFile; fileRef = 447798081DFC9EBA004DA42D /* Assets.xcassets */; };
		4477980C1DFC9EBA004DA42D /* LaunchScreen.storyboard in Resources */ = {isa = PBXBuildFile; fileRef = 4477980A1DFC9EBA004DA42D /* LaunchScreen.storyboard */; };
		447CBDB71E0966F700176997 /* Category.swift in Sources */ = {isa = PBXBuildFile; fileRef = 447CBDB61E0966F700176997 /* Category.swift */; };
		447CBDB91E0967D700176997 /* Color.swift in Sources */ = {isa = PBXBuildFile; fileRef = 447CBDB81E0967D700176997 /* Color.swift */; };
		447CBDBB1E09683500176997 /* Texture.swift in Sources */ = {isa = PBXBuildFile; fileRef = 447CBDBA1E09683500176997 /* Texture.swift */; };
		447CBDBE1E097F7F00176997 /* CameraViewController.swift in Sources */ = {isa = PBXBuildFile; fileRef = 447CBDBD1E097F7F00176997 /* CameraViewController.swift */; };
		447CBDC21E09A3FE00176997 /* ArticleCreateTableViewCell.swift in Sources */ = {isa = PBXBuildFile; fileRef = 447CBDC11E09A3FE00176997 /* ArticleCreateTableViewCell.swift */; };
		447CBDC41E09A46300176997 /* ArticleCreateImageTableViewCell.swift in Sources */ = {isa = PBXBuildFile; fileRef = 447CBDC31E09A46300176997 /* ArticleCreateImageTableViewCell.swift */; };
		447D854E1E121F5600F6CD6D /* OutfitCollectionViewCell.swift in Sources */ = {isa = PBXBuildFile; fileRef = 447D854C1E121F5600F6CD6D /* OutfitCollectionViewCell.swift */; };
		447D854F1E121F5600F6CD6D /* OutfitCollectionViewCell.xib in Resources */ = {isa = PBXBuildFile; fileRef = 447D854D1E121F5600F6CD6D /* OutfitCollectionViewCell.xib */; };
		447D85511E122C1100F6CD6D /* OutfitDetailViewController.swift in Sources */ = {isa = PBXBuildFile; fileRef = 447D85501E122C1100F6CD6D /* OutfitDetailViewController.swift */; };
		44895F101E4A3023007EF85E /* MeuItemViewController.swift in Sources */ = {isa = PBXBuildFile; fileRef = 44895F0F1E4A3023007EF85E /* MeuItemViewController.swift */; };
		448DE6561E1D78BA007582E0 /* TransitionAnimator.swift in Sources */ = {isa = PBXBuildFile; fileRef = 448DE6551E1D78BA007582E0 /* TransitionAnimator.swift */; };
		448DE6581E1D9E51007582E0 /* AboutTableViewCell.swift in Sources */ = {isa = PBXBuildFile; fileRef = 448DE6571E1D9E51007582E0 /* AboutTableViewCell.swift */; };
		448DE65A1E1D9EF8007582E0 /* AboutItem.swift in Sources */ = {isa = PBXBuildFile; fileRef = 448DE6591E1D9EF8007582E0 /* AboutItem.swift */; };
		448E37DB1E05E88100A62DC6 /* Outfit.swift in Sources */ = {isa = PBXBuildFile; fileRef = 448E37DA1E05E88100A62DC6 /* Outfit.swift */; };
		448E37E11E05EB1E00A62DC6 /* User.swift in Sources */ = {isa = PBXBuildFile; fileRef = 448E37E01E05EB1E00A62DC6 /* User.swift */; };
		44A777B01DFDD3C800FD2A48 /* Closet.storyboard in Resources */ = {isa = PBXBuildFile; fileRef = 44A777AE1DFDD3C800FD2A48 /* Closet.storyboard */; };
		44A777B31DFDD3D300FD2A48 /* Articles.storyboard in Resources */ = {isa = PBXBuildFile; fileRef = 44A777B11DFDD3D300FD2A48 /* Articles.storyboard */; };
		44A777B51DFDD3DB00FD2A48 /* Account.storyboard in Resources */ = {isa = PBXBuildFile; fileRef = 44A777B41DFDD3DB00FD2A48 /* Account.storyboard */; };
		44A777C31DFDF67400FD2A48 /* MenuItem.swift in Sources */ = {isa = PBXBuildFile; fileRef = 44A777C21DFDF67400FD2A48 /* MenuItem.swift */; };
		44AF4A041E0CDBB800A17659 /* ArticleEditViewController.swift in Sources */ = {isa = PBXBuildFile; fileRef = 44AF4A031E0CDBB800A17659 /* ArticleEditViewController.swift */; };
		44AF4A061E0CDF5100A17659 /* ArticleDetailViewController.swift in Sources */ = {isa = PBXBuildFile; fileRef = 44AF4A051E0CDF5100A17659 /* ArticleDetailViewController.swift */; };
		44AF4A091E0CE3C300A17659 /* ArticleCRUD.storyboard in Resources */ = {isa = PBXBuildFile; fileRef = 44AF4A071E0CE3C300A17659 /* ArticleCRUD.storyboard */; };
		44CD8DBC1DFF8B8900BD4CF1 /* MyClosetViewController.swift in Sources */ = {isa = PBXBuildFile; fileRef = 44CD8DBB1DFF8B8900BD4CF1 /* MyClosetViewController.swift */; };
		44CD8DBE1DFF8B9A00BD4CF1 /* MyFavsViewController.swift in Sources */ = {isa = PBXBuildFile; fileRef = 44CD8DBD1DFF8B9A00BD4CF1 /* MyFavsViewController.swift */; };
		44CD8DC01DFF8BA700BD4CF1 /* TopsViewController.swift in Sources */ = {isa = PBXBuildFile; fileRef = 44CD8DBF1DFF8BA700BD4CF1 /* TopsViewController.swift */; };
		44CD8DC21DFF8BB600BD4CF1 /* BottomsViewController.swift in Sources */ = {isa = PBXBuildFile; fileRef = 44CD8DC11DFF8BB600BD4CF1 /* BottomsViewController.swift */; };
		44CD8DC41DFF8BC300BD4CF1 /* AccountViewController.swift in Sources */ = {isa = PBXBuildFile; fileRef = 44CD8DC31DFF8BC300BD4CF1 /* AccountViewController.swift */; };
		44CD8DC61DFF8BCE00BD4CF1 /* SettingsViewController.swift in Sources */ = {isa = PBXBuildFile; fileRef = 44CD8DC51DFF8BCE00BD4CF1 /* SettingsViewController.swift */; };
		44CDFC6D1E05F8E8002FFC6D /* ArticleCollectionViewCell.swift in Sources */ = {isa = PBXBuildFile; fileRef = 44CDFC6B1E05F8E8002FFC6D /* ArticleCollectionViewCell.swift */; };
		44CDFC6E1E05F8E8002FFC6D /* ArticleCollectionViewCell.xib in Resources */ = {isa = PBXBuildFile; fileRef = 44CDFC6C1E05F8E8002FFC6D /* ArticleCollectionViewCell.xib */; };
		44CDFC711E05FC67002FFC6D /* Article.swift in Sources */ = {isa = PBXBuildFile; fileRef = 44CDFC701E05FC67002FFC6D /* Article.swift */; };
		44E8652C1E17655300251310 /* CustomOverlayView.swift in Sources */ = {isa = PBXBuildFile; fileRef = 44E8652A1E17655300251310 /* CustomOverlayView.swift */; };
		44E8652D1E17655300251310 /* CustomOverlayView.xib in Resources */ = {isa = PBXBuildFile; fileRef = 44E8652B1E17655300251310 /* CustomOverlayView.xib */; };
		44E8652F1E17657D00251310 /* OverlayView.xib in Resources */ = {isa = PBXBuildFile; fileRef = 44E8652E1E17657D00251310 /* OverlayView.xib */; };
		44E865331E176B3800251310 /* BackgroundKolodaAnimator.swift in Sources */ = {isa = PBXBuildFile; fileRef = 44E865321E176B3800251310 /* BackgroundKolodaAnimator.swift */; };
		44FB34D71E22002D00EE32AB /* OutfitCategoryHeaderView.swift in Sources */ = {isa = PBXBuildFile; fileRef = 44FB34D61E22002D00EE32AB /* OutfitCategoryHeaderView.swift */; };
/* End PBXBuildFile section */

/* Begin PBXFileReference section */
		1EB40BD5E21C1FE1FBA685C3 /* Pods-bFashionIster.debug.xcconfig */ = {isa = PBXFileReference; includeInIndex = 1; lastKnownFileType = text.xcconfig; name = "Pods-bFashionIster.debug.xcconfig"; path = "Pods/Target Support Files/Pods-bFashionIster/Pods-bFashionIster.debug.xcconfig"; sourceTree = "<group>"; };
		443017DC1E0CD6E0000755BD /* Helper.swift */ = {isa = PBXFileReference; fileEncoding = 4; lastKnownFileType = sourcecode.swift; path = Helper.swift; sourceTree = "<group>"; };
		4449D1F21E58A99700E34F30 /* OutfitArticleCollectionViewCell.swift */ = {isa = PBXFileReference; fileEncoding = 4; lastKnownFileType = sourcecode.swift; path = OutfitArticleCollectionViewCell.swift; sourceTree = "<group>"; };
		4449D1F31E58A99700E34F30 /* OutfitArticleCollectionViewCell.xib */ = {isa = PBXFileReference; fileEncoding = 4; lastKnownFileType = file.xib; path = OutfitArticleCollectionViewCell.xib; sourceTree = "<group>"; };
		4452B3151E0264CA0068A85E /* Extensions.swift */ = {isa = PBXFileReference; fileEncoding = 4; lastKnownFileType = sourcecode.swift; path = Extensions.swift; sourceTree = "<group>"; };
		4460BD241E08D01A00753281 /* TestData.swift */ = {isa = PBXFileReference; fileEncoding = 4; lastKnownFileType = sourcecode.swift; path = TestData.swift; sourceTree = "<group>"; };
		4460BD261E08D7C900753281 /* ArticleCollectionView.swift */ = {isa = PBXFileReference; fileEncoding = 4; lastKnownFileType = sourcecode.swift; path = ArticleCollectionView.swift; sourceTree = "<group>"; };
		446390C81E27117C002FDAE2 /* PannableViewController.swift */ = {isa = PBXFileReference; fileEncoding = 4; lastKnownFileType = sourcecode.swift; path = PannableViewController.swift; sourceTree = "<group>"; };
		446390CA1E27123C002FDAE2 /* ControllerDelegate.swift */ = {isa = PBXFileReference; fileEncoding = 4; lastKnownFileType = sourcecode.swift; path = ControllerDelegate.swift; sourceTree = "<group>"; };
		447797FE1DFC9EBA004DA42D /* bFashionIster.app */ = {isa = PBXFileReference; explicitFileType = wrapper.application; includeInIndex = 0; path = bFashionIster.app; sourceTree = BUILT_PRODUCTS_DIR; };
		447798011DFC9EBA004DA42D /* AppDelegate.swift */ = {isa = PBXFileReference; lastKnownFileType = sourcecode.swift; path = AppDelegate.swift; sourceTree = "<group>"; };
		447798081DFC9EBA004DA42D /* Assets.xcassets */ = {isa = PBXFileReference; lastKnownFileType = folder.assetcatalog; path = Assets.xcassets; sourceTree = "<group>"; };
		4477980B1DFC9EBA004DA42D /* Base */ = {isa = PBXFileReference; lastKnownFileType = file.storyboard; name = Base; path = Base.lproj/LaunchScreen.storyboard; sourceTree = "<group>"; };
		4477980D1DFC9EBA004DA42D /* Info.plist */ = {isa = PBXFileReference; lastKnownFileType = text.plist.xml; path = Info.plist; sourceTree = "<group>"; };
		447CBDB61E0966F700176997 /* Category.swift */ = {isa = PBXFileReference; fileEncoding = 4; lastKnownFileType = sourcecode.swift; path = Category.swift; sourceTree = "<group>"; };
		447CBDB81E0967D700176997 /* Color.swift */ = {isa = PBXFileReference; fileEncoding = 4; lastKnownFileType = sourcecode.swift; path = Color.swift; sourceTree = "<group>"; };
		447CBDBA1E09683500176997 /* Texture.swift */ = {isa = PBXFileReference; fileEncoding = 4; lastKnownFileType = sourcecode.swift; path = Texture.swift; sourceTree = "<group>"; };
		447CBDBD1E097F7F00176997 /* CameraViewController.swift */ = {isa = PBXFileReference; fileEncoding = 4; lastKnownFileType = sourcecode.swift; path = CameraViewController.swift; sourceTree = "<group>"; };
		447CBDC11E09A3FE00176997 /* ArticleCreateTableViewCell.swift */ = {isa = PBXFileReference; fileEncoding = 4; lastKnownFileType = sourcecode.swift; path = ArticleCreateTableViewCell.swift; sourceTree = "<group>"; };
		447CBDC31E09A46300176997 /* ArticleCreateImageTableViewCell.swift */ = {isa = PBXFileReference; fileEncoding = 4; lastKnownFileType = sourcecode.swift; path = ArticleCreateImageTableViewCell.swift; sourceTree = "<group>"; };
		447D854C1E121F5600F6CD6D /* OutfitCollectionViewCell.swift */ = {isa = PBXFileReference; fileEncoding = 4; lastKnownFileType = sourcecode.swift; path = OutfitCollectionViewCell.swift; sourceTree = "<group>"; };
		447D854D1E121F5600F6CD6D /* OutfitCollectionViewCell.xib */ = {isa = PBXFileReference; fileEncoding = 4; lastKnownFileType = file.xib; path = OutfitCollectionViewCell.xib; sourceTree = "<group>"; };
		447D85501E122C1100F6CD6D /* OutfitDetailViewController.swift */ = {isa = PBXFileReference; fileEncoding = 4; lastKnownFileType = sourcecode.swift; path = OutfitDetailViewController.swift; sourceTree = "<group>"; };
		44895F0F1E4A3023007EF85E /* MeuItemViewController.swift */ = {isa = PBXFileReference; fileEncoding = 4; lastKnownFileType = sourcecode.swift; path = MeuItemViewController.swift; sourceTree = "<group>"; };
		448DE6551E1D78BA007582E0 /* TransitionAnimator.swift */ = {isa = PBXFileReference; fileEncoding = 4; lastKnownFileType = sourcecode.swift; path = TransitionAnimator.swift; sourceTree = "<group>"; };
		448DE6571E1D9E51007582E0 /* AboutTableViewCell.swift */ = {isa = PBXFileReference; fileEncoding = 4; lastKnownFileType = sourcecode.swift; path = AboutTableViewCell.swift; sourceTree = "<group>"; };
		448DE6591E1D9EF8007582E0 /* AboutItem.swift */ = {isa = PBXFileReference; fileEncoding = 4; lastKnownFileType = sourcecode.swift; path = AboutItem.swift; sourceTree = "<group>"; };
		448E37DA1E05E88100A62DC6 /* Outfit.swift */ = {isa = PBXFileReference; fileEncoding = 4; lastKnownFileType = sourcecode.swift; path = Outfit.swift; sourceTree = "<group>"; };
		448E37E01E05EB1E00A62DC6 /* User.swift */ = {isa = PBXFileReference; fileEncoding = 4; lastKnownFileType = sourcecode.swift; path = User.swift; sourceTree = "<group>"; };
		44A777AF1DFDD3C800FD2A48 /* Base */ = {isa = PBXFileReference; lastKnownFileType = file.storyboard; name = Base; path = Base.lproj/Closet.storyboard; sourceTree = "<group>"; };
		44A777B21DFDD3D300FD2A48 /* Base */ = {isa = PBXFileReference; lastKnownFileType = file.storyboard; name = Base; path = Base.lproj/Articles.storyboard; sourceTree = "<group>"; };
		44A777B41DFDD3DB00FD2A48 /* Account.storyboard */ = {isa = PBXFileReference; fileEncoding = 4; lastKnownFileType = file.storyboard; path = Account.storyboard; sourceTree = "<group>"; };
		44A777C21DFDF67400FD2A48 /* MenuItem.swift */ = {isa = PBXFileReference; fileEncoding = 4; lastKnownFileType = sourcecode.swift; path = MenuItem.swift; sourceTree = "<group>"; };
		44AF4A031E0CDBB800A17659 /* ArticleEditViewController.swift */ = {isa = PBXFileReference; fileEncoding = 4; lastKnownFileType = sourcecode.swift; path = ArticleEditViewController.swift; sourceTree = "<group>"; };
		44AF4A051E0CDF5100A17659 /* ArticleDetailViewController.swift */ = {isa = PBXFileReference; fileEncoding = 4; lastKnownFileType = sourcecode.swift; path = ArticleDetailViewController.swift; sourceTree = "<group>"; };
		44AF4A081E0CE3C300A17659 /* Base */ = {isa = PBXFileReference; lastKnownFileType = file.storyboard; name = Base; path = bFashionIster/Base.lproj/ArticleCRUD.storyboard; sourceTree = "<group>"; };
		44CD8DBB1DFF8B8900BD4CF1 /* MyClosetViewController.swift */ = {isa = PBXFileReference; fileEncoding = 4; lastKnownFileType = sourcecode.swift; path = MyClosetViewController.swift; sourceTree = "<group>"; };
		44CD8DBD1DFF8B9A00BD4CF1 /* MyFavsViewController.swift */ = {isa = PBXFileReference; fileEncoding = 4; lastKnownFileType = sourcecode.swift; path = MyFavsViewController.swift; sourceTree = "<group>"; };
		44CD8DBF1DFF8BA700BD4CF1 /* TopsViewController.swift */ = {isa = PBXFileReference; fileEncoding = 4; lastKnownFileType = sourcecode.swift; path = TopsViewController.swift; sourceTree = "<group>"; };
		44CD8DC11DFF8BB600BD4CF1 /* BottomsViewController.swift */ = {isa = PBXFileReference; fileEncoding = 4; lastKnownFileType = sourcecode.swift; path = BottomsViewController.swift; sourceTree = "<group>"; };
		44CD8DC31DFF8BC300BD4CF1 /* AccountViewController.swift */ = {isa = PBXFileReference; fileEncoding = 4; lastKnownFileType = sourcecode.swift; path = AccountViewController.swift; sourceTree = "<group>"; };
		44CD8DC51DFF8BCE00BD4CF1 /* SettingsViewController.swift */ = {isa = PBXFileReference; fileEncoding = 4; lastKnownFileType = sourcecode.swift; path = SettingsViewController.swift; sourceTree = "<group>"; };
		44CDFC6B1E05F8E8002FFC6D /* ArticleCollectionViewCell.swift */ = {isa = PBXFileReference; fileEncoding = 4; lastKnownFileType = sourcecode.swift; path = ArticleCollectionViewCell.swift; sourceTree = "<group>"; };
		44CDFC6C1E05F8E8002FFC6D /* ArticleCollectionViewCell.xib */ = {isa = PBXFileReference; fileEncoding = 4; lastKnownFileType = file.xib; path = ArticleCollectionViewCell.xib; sourceTree = "<group>"; };
		44CDFC701E05FC67002FFC6D /* Article.swift */ = {isa = PBXFileReference; fileEncoding = 4; lastKnownFileType = sourcecode.swift; path = Article.swift; sourceTree = "<group>"; };
		44E8652A1E17655300251310 /* CustomOverlayView.swift */ = {isa = PBXFileReference; fileEncoding = 4; lastKnownFileType = sourcecode.swift; path = CustomOverlayView.swift; sourceTree = "<group>"; };
		44E8652B1E17655300251310 /* CustomOverlayView.xib */ = {isa = PBXFileReference; fileEncoding = 4; lastKnownFileType = file.xib; path = CustomOverlayView.xib; sourceTree = "<group>"; };
		44E8652E1E17657D00251310 /* OverlayView.xib */ = {isa = PBXFileReference; fileEncoding = 4; lastKnownFileType = file.xib; path = OverlayView.xib; sourceTree = "<group>"; };
		44E865321E176B3800251310 /* BackgroundKolodaAnimator.swift */ = {isa = PBXFileReference; fileEncoding = 4; lastKnownFileType = sourcecode.swift; path = BackgroundKolodaAnimator.swift; sourceTree = "<group>"; };
		44FB34D61E22002D00EE32AB /* OutfitCategoryHeaderView.swift */ = {isa = PBXFileReference; fileEncoding = 4; lastKnownFileType = sourcecode.swift; path = OutfitCategoryHeaderView.swift; sourceTree = "<group>"; };
		C62F2F795F36CDC2EDE7AF3F /* Pods_bFashionIster.framework */ = {isa = PBXFileReference; explicitFileType = wrapper.framework; includeInIndex = 0; path = Pods_bFashionIster.framework; sourceTree = BUILT_PRODUCTS_DIR; };
		F0459BF5CBCBF72F759899DB /* Pods-bFashionIster.release.xcconfig */ = {isa = PBXFileReference; includeInIndex = 1; lastKnownFileType = text.xcconfig; name = "Pods-bFashionIster.release.xcconfig"; path = "Pods/Target Support Files/Pods-bFashionIster/Pods-bFashionIster.release.xcconfig"; sourceTree = "<group>"; };
/* End PBXFileReference section */

/* Begin PBXFrameworksBuildPhase section */
		447797FB1DFC9EBA004DA42D /* Frameworks */ = {
			isa = PBXFrameworksBuildPhase;
			buildActionMask = 2147483647;
			files = (
				2C807580BE00CD2180086C14 /* Pods_bFashionIster.framework in Frameworks */,
			);
			runOnlyForDeploymentPostprocessing = 0;
		};
/* End PBXFrameworksBuildPhase section */

/* Begin PBXGroup section */
		0BDE1DB1A972CDF06ED892B2 /* Pods */ = {
			isa = PBXGroup;
			children = (
				1EB40BD5E21C1FE1FBA685C3 /* Pods-bFashionIster.debug.xcconfig */,
				F0459BF5CBCBF72F759899DB /* Pods-bFashionIster.release.xcconfig */,
			);
			name = Pods;
			sourceTree = "<group>";
		};
		441C243E1E0A01A800A88AF5 /* Create */ = {
			isa = PBXGroup;
			children = (
				447CBDBD1E097F7F00176997 /* CameraViewController.swift */,
				44AF4A031E0CDBB800A17659 /* ArticleEditViewController.swift */,
			);
			name = Create;
			sourceTree = "<group>";
		};
		4432F1621E242F7600054F87 /* Koloda */ = {
			isa = PBXGroup;
			children = (
				44E865321E176B3800251310 /* BackgroundKolodaAnimator.swift */,
				44E8652A1E17655300251310 /* CustomOverlayView.swift */,
			);
			name = Koloda;
			sourceTree = "<group>";
		};
		4449D1F11E58A83600E34F30 /* Custom Cells */ = {
			isa = PBXGroup;
			children = (
				448DE6571E1D9E51007582E0 /* AboutTableViewCell.swift */,
				44CDFC6B1E05F8E8002FFC6D /* ArticleCollectionViewCell.swift */,
				447CBDC31E09A46300176997 /* ArticleCreateImageTableViewCell.swift */,
				447CBDC11E09A3FE00176997 /* ArticleCreateTableViewCell.swift */,
				4449D1F21E58A99700E34F30 /* OutfitArticleCollectionViewCell.swift */,
				447D854C1E121F5600F6CD6D /* OutfitCollectionViewCell.swift */,
				44CD8DC51DFF8BCE00BD4CF1 /* SettingsViewController.swift */,
			);
			name = "Custom Cells";
			sourceTree = "<group>";
		};
		447797F51DFC9EBA004DA42D = {
			isa = PBXGroup;
			children = (
				447798001DFC9EBA004DA42D /* bFashionIster */,
				447797FF1DFC9EBA004DA42D /* Products */,
				0BDE1DB1A972CDF06ED892B2 /* Pods */,
				ADE8AF427F472C233543B32F /* Frameworks */,
			);
			sourceTree = "<group>";
		};
		447797FF1DFC9EBA004DA42D /* Products */ = {
			isa = PBXGroup;
			children = (
				447797FE1DFC9EBA004DA42D /* bFashionIster.app */,
			);
			name = Products;
			sourceTree = "<group>";
		};
		447798001DFC9EBA004DA42D /* bFashionIster */ = {
			isa = PBXGroup;
			children = (
				447798011DFC9EBA004DA42D /* AppDelegate.swift */,
				448E37D51E05E84A00A62DC6 /* Assets */,
				447CBDBC1E096AE500176997 /* Common */,
				448E37E21E05EB8100A62DC6 /* Model */,
				44A777B71DFDD5BE00FD2A48 /* Navigation */,
				44CD8DC71DFF8BD400BD4CF1 /* Views */,
				44E865341E1771EB00251310 /* Nibs */,
				44A777B61DFDD55500FD2A48 /* Storyboards */,
			);
			path = bFashionIster;
			sourceTree = "<group>";
		};
		447CBDBC1E096AE500176997 /* Common */ = {
			isa = PBXGroup;
			children = (
				4460BD241E08D01A00753281 /* TestData.swift */,
				4452B3151E0264CA0068A85E /* Extensions.swift */,
				443017DC1E0CD6E0000755BD /* Helper.swift */,
			);
			name = Common;
			sourceTree = "<group>";
		};
		448DE65B1E1DE0E7007582E0 /* Animations */ = {
			isa = PBXGroup;
			children = (
				4432F1621E242F7600054F87 /* Koloda */,
				448DE6551E1D78BA007582E0 /* TransitionAnimator.swift */,
				446390C81E27117C002FDAE2 /* PannableViewController.swift */,
				446390CA1E27123C002FDAE2 /* ControllerDelegate.swift */,
			);
			name = Animations;
			sourceTree = "<group>";
		};
		448E37D51E05E84A00A62DC6 /* Assets */ = {
			isa = PBXGroup;
			children = (
				447798081DFC9EBA004DA42D /* Assets.xcassets */,
				4477980A1DFC9EBA004DA42D /* LaunchScreen.storyboard */,
				4477980D1DFC9EBA004DA42D /* Info.plist */,
			);
			name = Assets;
			sourceTree = "<group>";
		};
		448E37E21E05EB8100A62DC6 /* Model */ = {
			isa = PBXGroup;
			children = (
				448E37DA1E05E88100A62DC6 /* Outfit.swift */,
				44CDFC701E05FC67002FFC6D /* Article.swift */,
				448E37E01E05EB1E00A62DC6 /* User.swift */,
				447CBDB61E0966F700176997 /* Category.swift */,
				447CBDB81E0967D700176997 /* Color.swift */,
				447CBDBA1E09683500176997 /* Texture.swift */,
				44A777C21DFDF67400FD2A48 /* MenuItem.swift */,
				448DE6591E1D9EF8007582E0 /* AboutItem.swift */,
			);
			name = Model;
			sourceTree = "<group>";
		};
		44A777B61DFDD55500FD2A48 /* Storyboards */ = {
			isa = PBXGroup;
			children = (
				44A777AE1DFDD3C800FD2A48 /* Closet.storyboard */,
				44A777B11DFDD3D300FD2A48 /* Articles.storyboard */,
				44AF4A071E0CE3C300A17659 /* ArticleCRUD.storyboard */,
				44A777B41DFDD3DB00FD2A48 /* Account.storyboard */,
			);
			name = Storyboards;
			sourceTree = "<group>";
		};
		44A777B71DFDD5BE00FD2A48 /* Navigation */ = {
			isa = PBXGroup;
			children = (
				44895F0F1E4A3023007EF85E /* MeuItemViewController.swift */,
			);
			name = Navigation;
			sourceTree = "<group>";
		};
		44CD8DC71DFF8BD400BD4CF1 /* Views */ = {
			isa = PBXGroup;
			children = (
				4449D1F11E58A83600E34F30 /* Custom Cells */,
				44CDFC6A1E05F8B0002FFC6D /* Account */,
				44CDFC691E05F883002FFC6D /* Outfits */,
				44CDFC681E05F87B002FFC6D /* Clothes */,
			);
			name = Views;
			sourceTree = "<group>";
		};
		44CDFC681E05F87B002FFC6D /* Clothes */ = {
			isa = PBXGroup;
			children = (
				441C243E1E0A01A800A88AF5 /* Create */,
				44CD8DBF1DFF8BA700BD4CF1 /* TopsViewController.swift */,
				44CD8DC11DFF8BB600BD4CF1 /* BottomsViewController.swift */,
				4460BD261E08D7C900753281 /* ArticleCollectionView.swift */,
				44AF4A051E0CDF5100A17659 /* ArticleDetailViewController.swift */,
			);
			name = Clothes;
			sourceTree = "<group>";
		};
		44CDFC691E05F883002FFC6D /* Outfits */ = {
			isa = PBXGroup;
			children = (
				448DE65B1E1DE0E7007582E0 /* Animations */,
				44CD8DBB1DFF8B8900BD4CF1 /* MyClosetViewController.swift */,
				44CD8DBD1DFF8B9A00BD4CF1 /* MyFavsViewController.swift */,
				44FB34D61E22002D00EE32AB /* OutfitCategoryHeaderView.swift */,
				447D85501E122C1100F6CD6D /* OutfitDetailViewController.swift */,
			);
			name = Outfits;
			sourceTree = "<group>";
		};
		44CDFC6A1E05F8B0002FFC6D /* Account */ = {
			isa = PBXGroup;
			children = (
				44CD8DC31DFF8BC300BD4CF1 /* AccountViewController.swift */,
			);
			name = Account;
			sourceTree = "<group>";
		};
		44E865341E1771EB00251310 /* Nibs */ = {
			isa = PBXGroup;
			children = (
				44CDFC6C1E05F8E8002FFC6D /* ArticleCollectionViewCell.xib */,
				44E8652B1E17655300251310 /* CustomOverlayView.xib */,
				4449D1F31E58A99700E34F30 /* OutfitArticleCollectionViewCell.xib */,
				447D854D1E121F5600F6CD6D /* OutfitCollectionViewCell.xib */,
				44E8652E1E17657D00251310 /* OverlayView.xib */,
			);
			name = Nibs;
			sourceTree = "<group>";
		};
		ADE8AF427F472C233543B32F /* Frameworks */ = {
			isa = PBXGroup;
			children = (
				C62F2F795F36CDC2EDE7AF3F /* Pods_bFashionIster.framework */,
			);
			name = Frameworks;
			sourceTree = "<group>";
		};
/* End PBXGroup section */

/* Begin PBXNativeTarget section */
		447797FD1DFC9EBA004DA42D /* bFashionIster */ = {
			isa = PBXNativeTarget;
			buildConfigurationList = 447798101DFC9EBA004DA42D /* Build configuration list for PBXNativeTarget "bFashionIster" */;
			buildPhases = (
				ADE9E1C4B167AA35814C6925 /* [CP] Check Pods Manifest.lock */,
				447797FA1DFC9EBA004DA42D /* Sources */,
				447797FB1DFC9EBA004DA42D /* Frameworks */,
				447797FC1DFC9EBA004DA42D /* Resources */,
				6E2F07C7661241A9D3FC06EE /* [CP] Embed Pods Frameworks */,
				903747D577296B23AFDC8D19 /* [CP] Copy Pods Resources */,
			);
			buildRules = (
			);
			dependencies = (
			);
			name = bFashionIster;
			productName = bFashionIster;
			productReference = 447797FE1DFC9EBA004DA42D /* bFashionIster.app */;
			productType = "com.apple.product-type.application";
		};
/* End PBXNativeTarget section */

/* Begin PBXProject section */
		447797F61DFC9EBA004DA42D /* Project object */ = {
			isa = PBXProject;
			attributes = {
				LastSwiftUpdateCheck = 0810;
				LastUpgradeCheck = 0810;
				ORGANIZATIONNAME = "Mary Martinez";
				TargetAttributes = {
					447797FD1DFC9EBA004DA42D = {
						CreatedOnToolsVersion = 8.1;
						DevelopmentTeam = 6NZ47HJYTD;
						ProvisioningStyle = Automatic;
					};
				};
			};
			buildConfigurationList = 447797F91DFC9EBA004DA42D /* Build configuration list for PBXProject "bFashionIster" */;
			compatibilityVersion = "Xcode 3.2";
			developmentRegion = English;
			hasScannedForEncodings = 0;
			knownRegions = (
				en,
				Base,
			);
			mainGroup = 447797F51DFC9EBA004DA42D;
			productRefGroup = 447797FF1DFC9EBA004DA42D /* Products */;
			projectDirPath = "";
			projectRoot = "";
			targets = (
				447797FD1DFC9EBA004DA42D /* bFashionIster */,
			);
		};
/* End PBXProject section */

/* Begin PBXResourcesBuildPhase section */
		447797FC1DFC9EBA004DA42D /* Resources */ = {
			isa = PBXResourcesBuildPhase;
			buildActionMask = 2147483647;
			files = (
				44E8652F1E17657D00251310 /* OverlayView.xib in Resources */,
				4477980C1DFC9EBA004DA42D /* LaunchScreen.storyboard in Resources */,
				44A777B31DFDD3D300FD2A48 /* Articles.storyboard in Resources */,
				447D854F1E121F5600F6CD6D /* OutfitCollectionViewCell.xib in Resources */,
				447798091DFC9EBA004DA42D /* Assets.xcassets in Resources */,
				44E8652D1E17655300251310 /* CustomOverlayView.xib in Resources */,
				44A777B01DFDD3C800FD2A48 /* Closet.storyboard in Resources */,
				44AF4A091E0CE3C300A17659 /* ArticleCRUD.storyboard in Resources */,
				44A777B51DFDD3DB00FD2A48 /* Account.storyboard in Resources */,
				4449D1F51E58A99700E34F30 /* OutfitArticleCollectionViewCell.xib in Resources */,
				44CDFC6E1E05F8E8002FFC6D /* ArticleCollectionViewCell.xib in Resources */,
			);
			runOnlyForDeploymentPostprocessing = 0;
		};
/* End PBXResourcesBuildPhase section */

/* Begin PBXShellScriptBuildPhase section */
		6E2F07C7661241A9D3FC06EE /* [CP] Embed Pods Frameworks */ = {
			isa = PBXShellScriptBuildPhase;
			buildActionMask = 2147483647;
			files = (
			);
			inputPaths = (
			);
			name = "[CP] Embed Pods Frameworks";
			outputPaths = (
			);
			runOnlyForDeploymentPostprocessing = 0;
			shellPath = /bin/sh;
			shellScript = "\"${SRCROOT}/Pods/Target Support Files/Pods-bFashionIster/Pods-bFashionIster-frameworks.sh\"\n";
			showEnvVarsInLog = 0;
		};
		903747D577296B23AFDC8D19 /* [CP] Copy Pods Resources */ = {
			isa = PBXShellScriptBuildPhase;
			buildActionMask = 2147483647;
			files = (
			);
			inputPaths = (
			);
			name = "[CP] Copy Pods Resources";
			outputPaths = (
			);
			runOnlyForDeploymentPostprocessing = 0;
			shellPath = /bin/sh;
			shellScript = "\"${SRCROOT}/Pods/Target Support Files/Pods-bFashionIster/Pods-bFashionIster-resources.sh\"\n";
			showEnvVarsInLog = 0;
		};
		ADE9E1C4B167AA35814C6925 /* [CP] Check Pods Manifest.lock */ = {
			isa = PBXShellScriptBuildPhase;
			buildActionMask = 2147483647;
			files = (
			);
			inputPaths = (
			);
			name = "[CP] Check Pods Manifest.lock";
			outputPaths = (
			);
			runOnlyForDeploymentPostprocessing = 0;
			shellPath = /bin/sh;
			shellScript = "diff \"${PODS_ROOT}/../Podfile.lock\" \"${PODS_ROOT}/Manifest.lock\" > /dev/null\nif [ $? != 0 ] ; then\n    # print error to STDERR\n    echo \"error: The sandbox is not in sync with the Podfile.lock. Run 'pod install' or update your CocoaPods installation.\" >&2\n    exit 1\nfi\n";
			showEnvVarsInLog = 0;
		};
/* End PBXShellScriptBuildPhase section */

/* Begin PBXSourcesBuildPhase section */
		447797FA1DFC9EBA004DA42D /* Sources */ = {
			isa = PBXSourcesBuildPhase;
			buildActionMask = 2147483647;
			files = (
				448DE65A1E1D9EF8007582E0 /* AboutItem.swift in Sources */,
				4460BD271E08D7C900753281 /* ArticleCollectionView.swift in Sources */,
				448DE6581E1D9E51007582E0 /* AboutTableViewCell.swift in Sources */,
				44CD8DC01DFF8BA700BD4CF1 /* TopsViewController.swift in Sources */,
				44E865331E176B3800251310 /* BackgroundKolodaAnimator.swift in Sources */,
				447CBDB91E0967D700176997 /* Color.swift in Sources */,
				4449D1F41E58A99700E34F30 /* OutfitArticleCollectionViewCell.swift in Sources */,
				44FB34D71E22002D00EE32AB /* OutfitCategoryHeaderView.swift in Sources */,
				447CBDBE1E097F7F00176997 /* CameraViewController.swift in Sources */,
				44CD8DC21DFF8BB600BD4CF1 /* BottomsViewController.swift in Sources */,
				443017DD1E0CD6E0000755BD /* Helper.swift in Sources */,
				447CBDC21E09A3FE00176997 /* ArticleCreateTableViewCell.swift in Sources */,
				448E37DB1E05E88100A62DC6 /* Outfit.swift in Sources */,
				4460BD251E08D01A00753281 /* TestData.swift in Sources */,
				44AF4A041E0CDBB800A17659 /* ArticleEditViewController.swift in Sources */,
				44CD8DC61DFF8BCE00BD4CF1 /* SettingsViewController.swift in Sources */,
				44CD8DBC1DFF8B8900BD4CF1 /* MyClosetViewController.swift in Sources */,
				448E37E11E05EB1E00A62DC6 /* User.swift in Sources */,
				44CD8DBE1DFF8B9A00BD4CF1 /* MyFavsViewController.swift in Sources */,
				447CBDB71E0966F700176997 /* Category.swift in Sources */,
				447CBDC41E09A46300176997 /* ArticleCreateImageTableViewCell.swift in Sources */,
				44E8652C1E17655300251310 /* CustomOverlayView.swift in Sources */,
				44895F101E4A3023007EF85E /* MeuItemViewController.swift in Sources */,
				44CD8DC41DFF8BC300BD4CF1 /* AccountViewController.swift in Sources */,
				446390C91E27117C002FDAE2 /* PannableViewController.swift in Sources */,
				448DE6561E1D78BA007582E0 /* TransitionAnimator.swift in Sources */,
				447D854E1E121F5600F6CD6D /* OutfitCollectionViewCell.swift in Sources */,
				4452B3161E0264CA0068A85E /* Extensions.swift in Sources */,
				44AF4A061E0CDF5100A17659 /* ArticleDetailViewController.swift in Sources */,
				447D85511E122C1100F6CD6D /* OutfitDetailViewController.swift in Sources */,
				447CBDBB1E09683500176997 /* Texture.swift in Sources */,
				44CDFC711E05FC67002FFC6D /* Article.swift in Sources */,
				44CDFC6D1E05F8E8002FFC6D /* ArticleCollectionViewCell.swift in Sources */,
				447798021DFC9EBA004DA42D /* AppDelegate.swift in Sources */,
				446390CB1E27123C002FDAE2 /* ControllerDelegate.swift in Sources */,
				44A777C31DFDF67400FD2A48 /* MenuItem.swift in Sources */,
			);
			runOnlyForDeploymentPostprocessing = 0;
		};
/* End PBXSourcesBuildPhase section */

/* Begin PBXVariantGroup section */
		4477980A1DFC9EBA004DA42D /* LaunchScreen.storyboard */ = {
			isa = PBXVariantGroup;
			children = (
				4477980B1DFC9EBA004DA42D /* Base */,
			);
			name = LaunchScreen.storyboard;
			sourceTree = "<group>";
		};
		44A777AE1DFDD3C800FD2A48 /* Closet.storyboard */ = {
			isa = PBXVariantGroup;
			children = (
				44A777AF1DFDD3C800FD2A48 /* Base */,
			);
			name = Closet.storyboard;
			sourceTree = "<group>";
		};
		44A777B11DFDD3D300FD2A48 /* Articles.storyboard */ = {
			isa = PBXVariantGroup;
			children = (
				44A777B21DFDD3D300FD2A48 /* Base */,
			);
			name = Articles.storyboard;
			sourceTree = "<group>";
		};
		44AF4A071E0CE3C300A17659 /* ArticleCRUD.storyboard */ = {
			isa = PBXVariantGroup;
			children = (
				44AF4A081E0CE3C300A17659 /* Base */,
			);
			name = ArticleCRUD.storyboard;
			path = ..;
			sourceTree = "<group>";
		};
/* End PBXVariantGroup section */

/* Begin XCBuildConfiguration section */
		4477980E1DFC9EBA004DA42D /* Debug */ = {
			isa = XCBuildConfiguration;
			buildSettings = {
				ALWAYS_SEARCH_USER_PATHS = NO;
				CLANG_ANALYZER_NONNULL = YES;
				CLANG_CXX_LANGUAGE_STANDARD = "gnu++0x";
				CLANG_CXX_LIBRARY = "libc++";
				CLANG_ENABLE_MODULES = YES;
				CLANG_ENABLE_OBJC_ARC = YES;
				CLANG_WARN_BOOL_CONVERSION = YES;
				CLANG_WARN_CONSTANT_CONVERSION = YES;
				CLANG_WARN_DIRECT_OBJC_ISA_USAGE = YES_ERROR;
				CLANG_WARN_DOCUMENTATION_COMMENTS = YES;
				CLANG_WARN_EMPTY_BODY = YES;
				CLANG_WARN_ENUM_CONVERSION = YES;
				CLANG_WARN_INFINITE_RECURSION = YES;
				CLANG_WARN_INT_CONVERSION = YES;
				CLANG_WARN_OBJC_ROOT_CLASS = YES_ERROR;
				CLANG_WARN_SUSPICIOUS_MOVES = YES;
				CLANG_WARN_UNREACHABLE_CODE = YES;
				CLANG_WARN__DUPLICATE_METHOD_MATCH = YES;
				"CODE_SIGN_IDENTITY[sdk=iphoneos*]" = "iPhone Developer";
				COPY_PHASE_STRIP = NO;
				DEBUG_INFORMATION_FORMAT = dwarf;
				ENABLE_STRICT_OBJC_MSGSEND = YES;
				ENABLE_TESTABILITY = YES;
				GCC_C_LANGUAGE_STANDARD = gnu99;
				GCC_DYNAMIC_NO_PIC = NO;
				GCC_NO_COMMON_BLOCKS = YES;
				GCC_OPTIMIZATION_LEVEL = 0;
				GCC_PREPROCESSOR_DEFINITIONS = (
					"DEBUG=1",
					"$(inherited)",
				);
				GCC_WARN_64_TO_32_BIT_CONVERSION = YES;
				GCC_WARN_ABOUT_RETURN_TYPE = YES_ERROR;
				GCC_WARN_UNDECLARED_SELECTOR = YES;
				GCC_WARN_UNINITIALIZED_AUTOS = YES_AGGRESSIVE;
				GCC_WARN_UNUSED_FUNCTION = YES;
				GCC_WARN_UNUSED_VARIABLE = YES;
				IPHONEOS_DEPLOYMENT_TARGET = 10.1;
				MTL_ENABLE_DEBUG_INFO = YES;
				ONLY_ACTIVE_ARCH = YES;
				SDKROOT = iphoneos;
				SWIFT_ACTIVE_COMPILATION_CONDITIONS = DEBUG;
				SWIFT_OPTIMIZATION_LEVEL = "-Onone";
				TARGETED_DEVICE_FAMILY = "1,2";
			};
			name = Debug;
		};
		4477980F1DFC9EBA004DA42D /* Release */ = {
			isa = XCBuildConfiguration;
			buildSettings = {
				ALWAYS_SEARCH_USER_PATHS = NO;
				CLANG_ANALYZER_NONNULL = YES;
				CLANG_CXX_LANGUAGE_STANDARD = "gnu++0x";
				CLANG_CXX_LIBRARY = "libc++";
				CLANG_ENABLE_MODULES = YES;
				CLANG_ENABLE_OBJC_ARC = YES;
				CLANG_WARN_BOOL_CONVERSION = YES;
				CLANG_WARN_CONSTANT_CONVERSION = YES;
				CLANG_WARN_DIRECT_OBJC_ISA_USAGE = YES_ERROR;
				CLANG_WARN_DOCUMENTATION_COMMENTS = YES;
				CLANG_WARN_EMPTY_BODY = YES;
				CLANG_WARN_ENUM_CONVERSION = YES;
				CLANG_WARN_INFINITE_RECURSION = YES;
				CLANG_WARN_INT_CONVERSION = YES;
				CLANG_WARN_OBJC_ROOT_CLASS = YES_ERROR;
				CLANG_WARN_SUSPICIOUS_MOVES = YES;
				CLANG_WARN_UNREACHABLE_CODE = YES;
				CLANG_WARN__DUPLICATE_METHOD_MATCH = YES;
				"CODE_SIGN_IDENTITY[sdk=iphoneos*]" = "iPhone Developer";
				COPY_PHASE_STRIP = NO;
				DEBUG_INFORMATION_FORMAT = "dwarf-with-dsym";
				ENABLE_NS_ASSERTIONS = NO;
				ENABLE_STRICT_OBJC_MSGSEND = YES;
				GCC_C_LANGUAGE_STANDARD = gnu99;
				GCC_NO_COMMON_BLOCKS = YES;
				GCC_WARN_64_TO_32_BIT_CONVERSION = YES;
				GCC_WARN_ABOUT_RETURN_TYPE = YES_ERROR;
				GCC_WARN_UNDECLARED_SELECTOR = YES;
				GCC_WARN_UNINITIALIZED_AUTOS = YES_AGGRESSIVE;
				GCC_WARN_UNUSED_FUNCTION = YES;
				GCC_WARN_UNUSED_VARIABLE = YES;
				IPHONEOS_DEPLOYMENT_TARGET = 10.1;
				MTL_ENABLE_DEBUG_INFO = NO;
				SDKROOT = iphoneos;
				SWIFT_OPTIMIZATION_LEVEL = "-Owholemodule";
				TARGETED_DEVICE_FAMILY = "1,2";
				VALIDATE_PRODUCT = YES;
			};
			name = Release;
		};
		447798111DFC9EBA004DA42D /* Debug */ = {
			isa = XCBuildConfiguration;
			baseConfigurationReference = 1EB40BD5E21C1FE1FBA685C3 /* Pods-bFashionIster.debug.xcconfig */;
			buildSettings = {
				ASSETCATALOG_COMPILER_APPICON_NAME = AppIcon;
				DEVELOPMENT_TEAM = 6NZ47HJYTD;
				INFOPLIST_FILE = bFashionIster/Info.plist;
				LD_RUNPATH_SEARCH_PATHS = "$(inherited) @executable_path/Frameworks";
				PRODUCT_BUNDLE_IDENTIFIER = com.mmartinez.DressRelief;
				PRODUCT_NAME = "$(TARGET_NAME)";
				SWIFT_VERSION = 3.0;
			};
			name = Debug;
		};
		447798121DFC9EBA004DA42D /* Release */ = {
			isa = XCBuildConfiguration;
			baseConfigurationReference = F0459BF5CBCBF72F759899DB /* Pods-bFashionIster.release.xcconfig */;
			buildSettings = {
				ASSETCATALOG_COMPILER_APPICON_NAME = AppIcon;
				DEVELOPMENT_TEAM = 6NZ47HJYTD;
				INFOPLIST_FILE = bFashionIster/Info.plist;
				LD_RUNPATH_SEARCH_PATHS = "$(inherited) @executable_path/Frameworks";
				PRODUCT_BUNDLE_IDENTIFIER = com.mmartinez.DressRelief;
				PRODUCT_NAME = "$(TARGET_NAME)";
				SWIFT_VERSION = 3.0;
			};
			name = Release;
		};
/* End XCBuildConfiguration section */

/* Begin XCConfigurationList section */
		447797F91DFC9EBA004DA42D /* Build configuration list for PBXProject "bFashionIster" */ = {
			isa = XCConfigurationList;
			buildConfigurations = (
				4477980E1DFC9EBA004DA42D /* Debug */,
				4477980F1DFC9EBA004DA42D /* Release */,
			);
			defaultConfigurationIsVisible = 0;
			defaultConfigurationName = Release;
		};
		447798101DFC9EBA004DA42D /* Build configuration list for PBXNativeTarget "bFashionIster" */ = {
			isa = XCConfigurationList;
			buildConfigurations = (
				447798111DFC9EBA004DA42D /* Debug */,
				447798121DFC9EBA004DA42D /* Release */,
			);
			defaultConfigurationIsVisible = 0;
			defaultConfigurationName = Release;
		};
/* End XCConfigurationList section */
	};
	rootObject = 447797F61DFC9EBA004DA42D /* Project object */;
}
