// !$*UTF8*$!
{
	archiveVersion = 1;
	classes = {
	};
	objectVersion = 46;
	objects = {

/* Begin PBXBuildFile section */
		44FB28421EB03396006FCAA0 /* AppDelegate.swift in Sources */ = {isa = PBXBuildFile; fileRef = 44FB280C1EB0313F006FCAA0 /* AppDelegate.swift */; };
		44FB28431EB03396006FCAA0 /* AboutTableViewCell.swift in Sources */ = {isa = PBXBuildFile; fileRef = 44FB28091EB0313F006FCAA0 /* AboutTableViewCell.swift */; };
		44FB28441EB03396006FCAA0 /* AccountViewController.swift in Sources */ = {isa = PBXBuildFile; fileRef = 44FB280B1EB0313F006FCAA0 /* AccountViewController.swift */; };
		44FB28451EB03396006FCAA0 /* SettingsViewController.swift in Sources */ = {isa = PBXBuildFile; fileRef = 44FB28351EB0313F006FCAA0 /* SettingsViewController.swift */; };
		44FB28461EB03396006FCAA0 /* ArticleCreateImageTableViewCell.swift in Sources */ = {isa = PBXBuildFile; fileRef = 44FB28111EB0313F006FCAA0 /* ArticleCreateImageTableViewCell.swift */; };
		44FB28471EB03396006FCAA0 /* ArticleCreateTableViewCell.swift in Sources */ = {isa = PBXBuildFile; fileRef = 44FB28121EB0313F006FCAA0 /* ArticleCreateTableViewCell.swift */; };
		44FB28481EB03396006FCAA0 /* ArticleCollectionViewCell.swift in Sources */ = {isa = PBXBuildFile; fileRef = 44FB280F1EB0313F006FCAA0 /* ArticleCollectionViewCell.swift */; };
		44FB28491EB03396006FCAA0 /* CameraViewController.swift in Sources */ = {isa = PBXBuildFile; fileRef = 44FB28201EB0313F006FCAA0 /* CameraViewController.swift */; };
		44FB284A1EB03396006FCAA0 /* ArticleCollectionView.swift in Sources */ = {isa = PBXBuildFile; fileRef = 44FB280E1EB0313F006FCAA0 /* ArticleCollectionView.swift */; };
		44FB284B1EB03396006FCAA0 /* BottomsViewController.swift in Sources */ = {isa = PBXBuildFile; fileRef = 44FB281F1EB0313F006FCAA0 /* BottomsViewController.swift */; };
		44FB284C1EB03396006FCAA0 /* TopsViewController.swift in Sources */ = {isa = PBXBuildFile; fileRef = 44FB28371EB0313F006FCAA0 /* TopsViewController.swift */; };
		44FB284D1EB03396006FCAA0 /* ArticleDetailViewController.swift in Sources */ = {isa = PBXBuildFile; fileRef = 44FB28131EB0313F006FCAA0 /* ArticleDetailViewController.swift */; };
		44FB284E1EB03396006FCAA0 /* ArticleEditViewController.swift in Sources */ = {isa = PBXBuildFile; fileRef = 44FB28141EB0313F006FCAA0 /* ArticleEditViewController.swift */; };
		44FB284F1EB03396006FCAA0 /* ControllerDelegate.swift in Sources */ = {isa = PBXBuildFile; fileRef = 44FB28231EB0313F006FCAA0 /* ControllerDelegate.swift */; };
		44FB28501EB03396006FCAA0 /* PannableViewController.swift in Sources */ = {isa = PBXBuildFile; fileRef = 44FB28341EB0313F006FCAA0 /* PannableViewController.swift */; };
		44FB28511EB03396006FCAA0 /* TransitionAnimator.swift in Sources */ = {isa = PBXBuildFile; fileRef = 44FB28381EB0313F006FCAA0 /* TransitionAnimator.swift */; };
		44FB28521EB03396006FCAA0 /* Extensions.swift in Sources */ = {isa = PBXBuildFile; fileRef = 44FB28251EB0313F006FCAA0 /* Extensions.swift */; };
		44FB28531EB03396006FCAA0 /* Helper.swift in Sources */ = {isa = PBXBuildFile; fileRef = 44FB28261EB0313F006FCAA0 /* Helper.swift */; };
		44FB28541EB03396006FCAA0 /* MeuItemViewController.swift in Sources */ = {isa = PBXBuildFile; fileRef = 44FB28291EB0313F006FCAA0 /* MeuItemViewController.swift */; };
		44FB28551EB03396006FCAA0 /* AboutItem.swift in Sources */ = {isa = PBXBuildFile; fileRef = 44FB28081EB0313F006FCAA0 /* AboutItem.swift */; };
		44FB28561EB03396006FCAA0 /* Article.swift in Sources */ = {isa = PBXBuildFile; fileRef = 44FB280D1EB0313F006FCAA0 /* Article.swift */; };
		44FB28571EB03396006FCAA0 /* Category.swift in Sources */ = {isa = PBXBuildFile; fileRef = 44FB28211EB0313F006FCAA0 /* Category.swift */; };
		44FB28581EB03396006FCAA0 /* Color.swift in Sources */ = {isa = PBXBuildFile; fileRef = 44FB28221EB0313F006FCAA0 /* Color.swift */; };
		44FB28591EB03396006FCAA0 /* MenuItem.swift in Sources */ = {isa = PBXBuildFile; fileRef = 44FB28281EB0313F006FCAA0 /* MenuItem.swift */; };
		44FB285A1EB03396006FCAA0 /* Outfit.swift in Sources */ = {isa = PBXBuildFile; fileRef = 44FB282C1EB0313F006FCAA0 /* Outfit.swift */; };
		44FB285B1EB03396006FCAA0 /* Texture.swift in Sources */ = {isa = PBXBuildFile; fileRef = 44FB28361EB0313F006FCAA0 /* Texture.swift */; };
		44FB285C1EB03396006FCAA0 /* User.swift in Sources */ = {isa = PBXBuildFile; fileRef = 44FB28391EB0313F006FCAA0 /* User.swift */; };
		44FB285D1EB03396006FCAA0 /* MyClosetViewController.swift in Sources */ = {isa = PBXBuildFile; fileRef = 44FB282A1EB0313F006FCAA0 /* MyClosetViewController.swift */; };
		44FB285E1EB03396006FCAA0 /* MyFavsViewController.swift in Sources */ = {isa = PBXBuildFile; fileRef = 44FB282B1EB0313F006FCAA0 /* MyFavsViewController.swift */; };
		44FB285F1EB03396006FCAA0 /* OutfitArticleCollectionViewCell.swift in Sources */ = {isa = PBXBuildFile; fileRef = 44FB282D1EB0313F006FCAA0 /* OutfitArticleCollectionViewCell.swift */; };
		44FB28601EB03396006FCAA0 /* OutfitCategoryHeaderView.swift in Sources */ = {isa = PBXBuildFile; fileRef = 44FB282F1EB0313F006FCAA0 /* OutfitCategoryHeaderView.swift */; };
		44FB28611EB03396006FCAA0 /* OutfitCollectionViewCell.swift in Sources */ = {isa = PBXBuildFile; fileRef = 44FB28301EB0313F006FCAA0 /* OutfitCollectionViewCell.swift */; };
		44FB28621EB03396006FCAA0 /* OutfitDetailViewController.swift in Sources */ = {isa = PBXBuildFile; fileRef = 44FB28321EB0313F006FCAA0 /* OutfitDetailViewController.swift */; };
		44FB28631EB033E9006FCAA0 /* Assets.xcassets in Resources */ = {isa = PBXBuildFile; fileRef = 44FB28151EB0313F006FCAA0 /* Assets.xcassets */; };
		44FB28641EB033E9006FCAA0 /* Account.storyboard in Resources */ = {isa = PBXBuildFile; fileRef = 44FB280A1EB0313F006FCAA0 /* Account.storyboard */; };
		44FB28651EB033E9006FCAA0 /* ArticleCRUD.storyboard in Resources */ = {isa = PBXBuildFile; fileRef = 44FB28161EB0313F006FCAA0 /* ArticleCRUD.storyboard */; };
		44FB28661EB033E9006FCAA0 /* Articles.storyboard in Resources */ = {isa = PBXBuildFile; fileRef = 44FB28181EB0313F006FCAA0 /* Articles.storyboard */; };
		44FB28671EB033E9006FCAA0 /* Closet.storyboard in Resources */ = {isa = PBXBuildFile; fileRef = 44FB281A1EB0313F006FCAA0 /* Closet.storyboard */; };
		44FB28681EB033E9006FCAA0 /* LaunchScreen.storyboard in Resources */ = {isa = PBXBuildFile; fileRef = 44FB281C1EB0313F006FCAA0 /* LaunchScreen.storyboard */; };
		44FB28691EB033E9006FCAA0 /* ArticleCollectionViewCell.xib in Resources */ = {isa = PBXBuildFile; fileRef = 44FB28101EB0313F006FCAA0 /* ArticleCollectionViewCell.xib */; };
		44FB286A1EB033E9006FCAA0 /* CustomOverlayView.xib in Resources */ = {isa = PBXBuildFile; fileRef = 44FB28241EB0313F006FCAA0 /* CustomOverlayView.xib */; };
		44FB286B1EB033E9006FCAA0 /* OverlayView.xib in Resources */ = {isa = PBXBuildFile; fileRef = 44FB28331EB0313F006FCAA0 /* OverlayView.xib */; };
		44FB286C1EB033E9006FCAA0 /* OutfitArticleCollectionViewCell.xib in Resources */ = {isa = PBXBuildFile; fileRef = 44FB282E1EB0313F006FCAA0 /* OutfitArticleCollectionViewCell.xib */; };
		44FB286D1EB033E9006FCAA0 /* OutfitCollectionViewCell.xib in Resources */ = {isa = PBXBuildFile; fileRef = 44FB28311EB0313F006FCAA0 /* OutfitCollectionViewCell.xib */; };
		596526C1841B0301286D6144 /* Pods_DressRelief.framework in Frameworks */ = {isa = PBXBuildFile; fileRef = CA7400A8A9E4ED873FCD2625 /* Pods_DressRelief.framework */; };
/* End PBXBuildFile section */

/* Begin PBXFileReference section */
		004CBB2DEEEDD580582C204A /* Pods-DressRelief.release.xcconfig */ = {isa = PBXFileReference; includeInIndex = 1; lastKnownFileType = text.xcconfig; name = "Pods-DressRelief.release.xcconfig"; path = "Pods/Target Support Files/Pods-DressRelief/Pods-DressRelief.release.xcconfig"; sourceTree = "<group>"; };
		447797FE1DFC9EBA004DA42D /* DressRelief.app */ = {isa = PBXFileReference; explicitFileType = wrapper.application; includeInIndex = 0; path = DressRelief.app; sourceTree = BUILT_PRODUCTS_DIR; };
		44FB28081EB0313F006FCAA0 /* AboutItem.swift */ = {isa = PBXFileReference; lastKnownFileType = sourcecode.swift; path = AboutItem.swift; sourceTree = "<group>"; };
		44FB28091EB0313F006FCAA0 /* AboutTableViewCell.swift */ = {isa = PBXFileReference; lastKnownFileType = sourcecode.swift; path = AboutTableViewCell.swift; sourceTree = "<group>"; };
		44FB280A1EB0313F006FCAA0 /* Account.storyboard */ = {isa = PBXFileReference; lastKnownFileType = file.storyboard; path = Account.storyboard; sourceTree = "<group>"; };
		44FB280B1EB0313F006FCAA0 /* AccountViewController.swift */ = {isa = PBXFileReference; lastKnownFileType = sourcecode.swift; path = AccountViewController.swift; sourceTree = "<group>"; };
		44FB280C1EB0313F006FCAA0 /* AppDelegate.swift */ = {isa = PBXFileReference; lastKnownFileType = sourcecode.swift; path = AppDelegate.swift; sourceTree = "<group>"; };
		44FB280D1EB0313F006FCAA0 /* Article.swift */ = {isa = PBXFileReference; lastKnownFileType = sourcecode.swift; path = Article.swift; sourceTree = "<group>"; };
		44FB280E1EB0313F006FCAA0 /* ArticleCollectionView.swift */ = {isa = PBXFileReference; lastKnownFileType = sourcecode.swift; path = ArticleCollectionView.swift; sourceTree = "<group>"; };
		44FB280F1EB0313F006FCAA0 /* ArticleCollectionViewCell.swift */ = {isa = PBXFileReference; lastKnownFileType = sourcecode.swift; path = ArticleCollectionViewCell.swift; sourceTree = "<group>"; };
		44FB28101EB0313F006FCAA0 /* ArticleCollectionViewCell.xib */ = {isa = PBXFileReference; lastKnownFileType = file.xib; path = ArticleCollectionViewCell.xib; sourceTree = "<group>"; };
		44FB28111EB0313F006FCAA0 /* ArticleCreateImageTableViewCell.swift */ = {isa = PBXFileReference; lastKnownFileType = sourcecode.swift; path = ArticleCreateImageTableViewCell.swift; sourceTree = "<group>"; };
		44FB28121EB0313F006FCAA0 /* ArticleCreateTableViewCell.swift */ = {isa = PBXFileReference; lastKnownFileType = sourcecode.swift; path = ArticleCreateTableViewCell.swift; sourceTree = "<group>"; };
		44FB28131EB0313F006FCAA0 /* ArticleDetailViewController.swift */ = {isa = PBXFileReference; lastKnownFileType = sourcecode.swift; path = ArticleDetailViewController.swift; sourceTree = "<group>"; };
		44FB28141EB0313F006FCAA0 /* ArticleEditViewController.swift */ = {isa = PBXFileReference; lastKnownFileType = sourcecode.swift; path = ArticleEditViewController.swift; sourceTree = "<group>"; };
		44FB28151EB0313F006FCAA0 /* Assets.xcassets */ = {isa = PBXFileReference; lastKnownFileType = folder.assetcatalog; path = Assets.xcassets; sourceTree = "<group>"; };
		44FB28171EB0313F006FCAA0 /* Base */ = {isa = PBXFileReference; lastKnownFileType = file.storyboard; name = Base; path = Base.lproj/ArticleCRUD.storyboard; sourceTree = "<group>"; };
		44FB28191EB0313F006FCAA0 /* Base */ = {isa = PBXFileReference; lastKnownFileType = file.storyboard; name = Base; path = Base.lproj/Articles.storyboard; sourceTree = "<group>"; };
		44FB281B1EB0313F006FCAA0 /* Base */ = {isa = PBXFileReference; lastKnownFileType = file.storyboard; name = Base; path = Base.lproj/Closet.storyboard; sourceTree = "<group>"; };
		44FB281D1EB0313F006FCAA0 /* Base */ = {isa = PBXFileReference; lastKnownFileType = file.storyboard; name = Base; path = Base.lproj/LaunchScreen.storyboard; sourceTree = "<group>"; };
		44FB281E1EB0313F006FCAA0 /* bFashionIster.entitlements */ = {isa = PBXFileReference; lastKnownFileType = text.plist.entitlements; path = bFashionIster.entitlements; sourceTree = "<group>"; };
		44FB281F1EB0313F006FCAA0 /* BottomsViewController.swift */ = {isa = PBXFileReference; lastKnownFileType = sourcecode.swift; path = BottomsViewController.swift; sourceTree = "<group>"; };
		44FB28201EB0313F006FCAA0 /* CameraViewController.swift */ = {isa = PBXFileReference; lastKnownFileType = sourcecode.swift; path = CameraViewController.swift; sourceTree = "<group>"; };
		44FB28211EB0313F006FCAA0 /* Category.swift */ = {isa = PBXFileReference; lastKnownFileType = sourcecode.swift; path = Category.swift; sourceTree = "<group>"; };
		44FB28221EB0313F006FCAA0 /* Color.swift */ = {isa = PBXFileReference; lastKnownFileType = sourcecode.swift; path = Color.swift; sourceTree = "<group>"; };
		44FB28231EB0313F006FCAA0 /* ControllerDelegate.swift */ = {isa = PBXFileReference; lastKnownFileType = sourcecode.swift; path = ControllerDelegate.swift; sourceTree = "<group>"; };
		44FB28241EB0313F006FCAA0 /* CustomOverlayView.xib */ = {isa = PBXFileReference; lastKnownFileType = file.xib; path = CustomOverlayView.xib; sourceTree = "<group>"; };
		44FB28251EB0313F006FCAA0 /* Extensions.swift */ = {isa = PBXFileReference; lastKnownFileType = sourcecode.swift; path = Extensions.swift; sourceTree = "<group>"; };
		44FB28261EB0313F006FCAA0 /* Helper.swift */ = {isa = PBXFileReference; lastKnownFileType = sourcecode.swift; path = Helper.swift; sourceTree = "<group>"; };
		44FB28271EB0313F006FCAA0 /* Info.plist */ = {isa = PBXFileReference; lastKnownFileType = text.plist.xml; path = Info.plist; sourceTree = "<group>"; };
		44FB28281EB0313F006FCAA0 /* MenuItem.swift */ = {isa = PBXFileReference; lastKnownFileType = sourcecode.swift; path = MenuItem.swift; sourceTree = "<group>"; };
		44FB28291EB0313F006FCAA0 /* MeuItemViewController.swift */ = {isa = PBXFileReference; lastKnownFileType = sourcecode.swift; path = MeuItemViewController.swift; sourceTree = "<group>"; };
		44FB282A1EB0313F006FCAA0 /* MyClosetViewController.swift */ = {isa = PBXFileReference; lastKnownFileType = sourcecode.swift; path = MyClosetViewController.swift; sourceTree = "<group>"; };
		44FB282B1EB0313F006FCAA0 /* MyFavsViewController.swift */ = {isa = PBXFileReference; lastKnownFileType = sourcecode.swift; path = MyFavsViewController.swift; sourceTree = "<group>"; };
		44FB282C1EB0313F006FCAA0 /* Outfit.swift */ = {isa = PBXFileReference; lastKnownFileType = sourcecode.swift; path = Outfit.swift; sourceTree = "<group>"; };
		44FB282D1EB0313F006FCAA0 /* OutfitArticleCollectionViewCell.swift */ = {isa = PBXFileReference; lastKnownFileType = sourcecode.swift; path = OutfitArticleCollectionViewCell.swift; sourceTree = "<group>"; };
		44FB282E1EB0313F006FCAA0 /* OutfitArticleCollectionViewCell.xib */ = {isa = PBXFileReference; lastKnownFileType = file.xib; path = OutfitArticleCollectionViewCell.xib; sourceTree = "<group>"; };
		44FB282F1EB0313F006FCAA0 /* OutfitCategoryHeaderView.swift */ = {isa = PBXFileReference; lastKnownFileType = sourcecode.swift; path = OutfitCategoryHeaderView.swift; sourceTree = "<group>"; };
		44FB28301EB0313F006FCAA0 /* OutfitCollectionViewCell.swift */ = {isa = PBXFileReference; lastKnownFileType = sourcecode.swift; path = OutfitCollectionViewCell.swift; sourceTree = "<group>"; };
		44FB28311EB0313F006FCAA0 /* OutfitCollectionViewCell.xib */ = {isa = PBXFileReference; lastKnownFileType = file.xib; path = OutfitCollectionViewCell.xib; sourceTree = "<group>"; };
		44FB28321EB0313F006FCAA0 /* OutfitDetailViewController.swift */ = {isa = PBXFileReference; lastKnownFileType = sourcecode.swift; path = OutfitDetailViewController.swift; sourceTree = "<group>"; };
		44FB28331EB0313F006FCAA0 /* OverlayView.xib */ = {isa = PBXFileReference; lastKnownFileType = file.xib; path = OverlayView.xib; sourceTree = "<group>"; };
		44FB28341EB0313F006FCAA0 /* PannableViewController.swift */ = {isa = PBXFileReference; lastKnownFileType = sourcecode.swift; path = PannableViewController.swift; sourceTree = "<group>"; };
		44FB28351EB0313F006FCAA0 /* SettingsViewController.swift */ = {isa = PBXFileReference; lastKnownFileType = sourcecode.swift; path = SettingsViewController.swift; sourceTree = "<group>"; };
		44FB28361EB0313F006FCAA0 /* Texture.swift */ = {isa = PBXFileReference; lastKnownFileType = sourcecode.swift; path = Texture.swift; sourceTree = "<group>"; };
		44FB28371EB0313F006FCAA0 /* TopsViewController.swift */ = {isa = PBXFileReference; lastKnownFileType = sourcecode.swift; path = TopsViewController.swift; sourceTree = "<group>"; };
		44FB28381EB0313F006FCAA0 /* TransitionAnimator.swift */ = {isa = PBXFileReference; lastKnownFileType = sourcecode.swift; path = TransitionAnimator.swift; sourceTree = "<group>"; };
		44FB28391EB0313F006FCAA0 /* User.swift */ = {isa = PBXFileReference; lastKnownFileType = sourcecode.swift; path = User.swift; sourceTree = "<group>"; };
		91D91D67F8AFDB4A123C5A10 /* Pods-DressRelief.debug.xcconfig */ = {isa = PBXFileReference; includeInIndex = 1; lastKnownFileType = text.xcconfig; name = "Pods-DressRelief.debug.xcconfig"; path = "Pods/Target Support Files/Pods-DressRelief/Pods-DressRelief.debug.xcconfig"; sourceTree = "<group>"; };
		C62F2F795F36CDC2EDE7AF3F /* Pods_bFashionIster.framework */ = {isa = PBXFileReference; explicitFileType = wrapper.framework; includeInIndex = 0; path = Pods_bFashionIster.framework; sourceTree = BUILT_PRODUCTS_DIR; };
		CA7400A8A9E4ED873FCD2625 /* Pods_DressRelief.framework */ = {isa = PBXFileReference; explicitFileType = wrapper.framework; includeInIndex = 0; path = Pods_DressRelief.framework; sourceTree = BUILT_PRODUCTS_DIR; };
/* End PBXFileReference section */

/* Begin PBXFrameworksBuildPhase section */
		447797FB1DFC9EBA004DA42D /* Frameworks */ = {
			isa = PBXFrameworksBuildPhase;
			buildActionMask = 2147483647;
			files = (
				596526C1841B0301286D6144 /* Pods_DressRelief.framework in Frameworks */,
			);
			runOnlyForDeploymentPostprocessing = 0;
		};
/* End PBXFrameworksBuildPhase section */

/* Begin PBXGroup section */
		0BDE1DB1A972CDF06ED892B2 /* Pods */ = {
			isa = PBXGroup;
			children = (
				91D91D67F8AFDB4A123C5A10 /* Pods-DressRelief.debug.xcconfig */,
				004CBB2DEEEDD580582C204A /* Pods-DressRelief.release.xcconfig */,
			);
			name = Pods;
			sourceTree = "<group>";
		};
		447797F51DFC9EBA004DA42D = {
			isa = PBXGroup;
			children = (
				44FB28071EB0313F006FCAA0 /* DressRelief */,
				447797FF1DFC9EBA004DA42D /* Products */,
				0BDE1DB1A972CDF06ED892B2 /* Pods */,
				ADE8AF427F472C233543B32F /* Frameworks */,
			);
			sourceTree = "<group>";
		};
		447797FF1DFC9EBA004DA42D /* Products */ = {
			isa = PBXGroup;
			children = (
				447797FE1DFC9EBA004DA42D /* DressRelief.app */,
			);
			name = Products;
			sourceTree = "<group>";
		};
		44FB28071EB0313F006FCAA0 /* DressRelief */ = {
			isa = PBXGroup;
			children = (
				44FB280C1EB0313F006FCAA0 /* AppDelegate.swift */,
				44FB28151EB0313F006FCAA0 /* Assets.xcassets */,
				44FB281E1EB0313F006FCAA0 /* bFashionIster.entitlements */,
				44FB28271EB0313F006FCAA0 /* Info.plist */,
				44FB28411EB03313006FCAA0 /* About */,
				44FB283B1EB03189006FCAA0 /* Storyboards */,
				44FB283C1EB03251006FCAA0 /* Articles */,
				44FB28401EB032FB006FCAA0 /* Animations */,
				44FB283F1EB032DB006FCAA0 /* Common */,
				44FB283A1EB03166006FCAA0 /* Models */,
				44FB283E1EB032C4006FCAA0 /* Outfits */,
			);
			path = DressRelief;
			sourceTree = "<group>";
		};
		44FB283A1EB03166006FCAA0 /* Models */ = {
			isa = PBXGroup;
			children = (
				44FB28081EB0313F006FCAA0 /* AboutItem.swift */,
				44FB280D1EB0313F006FCAA0 /* Article.swift */,
				44FB28211EB0313F006FCAA0 /* Category.swift */,
				44FB28221EB0313F006FCAA0 /* Color.swift */,
				44FB28281EB0313F006FCAA0 /* MenuItem.swift */,
				44FB282C1EB0313F006FCAA0 /* Outfit.swift */,
				44FB28361EB0313F006FCAA0 /* Texture.swift */,
				44FB28391EB0313F006FCAA0 /* User.swift */,
			);
			name = Models;
			sourceTree = "<group>";
		};
		44FB283B1EB03189006FCAA0 /* Storyboards */ = {
			isa = PBXGroup;
			children = (
				44FB280A1EB0313F006FCAA0 /* Account.storyboard */,
				44FB28161EB0313F006FCAA0 /* ArticleCRUD.storyboard */,
				44FB28181EB0313F006FCAA0 /* Articles.storyboard */,
				44FB281A1EB0313F006FCAA0 /* Closet.storyboard */,
				44FB281C1EB0313F006FCAA0 /* LaunchScreen.storyboard */,
			);
			name = Storyboards;
			sourceTree = "<group>";
		};
		44FB283C1EB03251006FCAA0 /* Articles */ = {
			isa = PBXGroup;
			children = (
				44FB283D1EB03260006FCAA0 /* Cells */,
				44FB28201EB0313F006FCAA0 /* CameraViewController.swift */,
				44FB280E1EB0313F006FCAA0 /* ArticleCollectionView.swift */,
				44FB281F1EB0313F006FCAA0 /* BottomsViewController.swift */,
				44FB28371EB0313F006FCAA0 /* TopsViewController.swift */,
				44FB28131EB0313F006FCAA0 /* ArticleDetailViewController.swift */,
				44FB28141EB0313F006FCAA0 /* ArticleEditViewController.swift */,
			);
			name = Articles;
			sourceTree = "<group>";
		};
		44FB283D1EB03260006FCAA0 /* Cells */ = {
			isa = PBXGroup;
			children = (
				44FB28111EB0313F006FCAA0 /* ArticleCreateImageTableViewCell.swift */,
				44FB28121EB0313F006FCAA0 /* ArticleCreateTableViewCell.swift */,
				44FB280F1EB0313F006FCAA0 /* ArticleCollectionViewCell.swift */,
				44FB28101EB0313F006FCAA0 /* ArticleCollectionViewCell.xib */,
			);
			name = Cells;
			sourceTree = "<group>";
		};
		44FB283E1EB032C4006FCAA0 /* Outfits */ = {
			isa = PBXGroup;
			children = (
				44FB282A1EB0313F006FCAA0 /* MyClosetViewController.swift */,
				44FB282B1EB0313F006FCAA0 /* MyFavsViewController.swift */,
				44FB282D1EB0313F006FCAA0 /* OutfitArticleCollectionViewCell.swift */,
				44FB282E1EB0313F006FCAA0 /* OutfitArticleCollectionViewCell.xib */,
				44FB282F1EB0313F006FCAA0 /* OutfitCategoryHeaderView.swift */,
				44FB28301EB0313F006FCAA0 /* OutfitCollectionViewCell.swift */,
				44FB28311EB0313F006FCAA0 /* OutfitCollectionViewCell.xib */,
				44FB28321EB0313F006FCAA0 /* OutfitDetailViewController.swift */,
			);
			name = Outfits;
			sourceTree = "<group>";
		};
		44FB283F1EB032DB006FCAA0 /* Common */ = {
			isa = PBXGroup;
			children = (
				44FB28251EB0313F006FCAA0 /* Extensions.swift */,
				44FB28261EB0313F006FCAA0 /* Helper.swift */,
				44FB28291EB0313F006FCAA0 /* MeuItemViewController.swift */,
			);
			name = Common;
			sourceTree = "<group>";
		};
		44FB28401EB032FB006FCAA0 /* Animations */ = {
			isa = PBXGroup;
			children = (
				44FB28231EB0313F006FCAA0 /* ControllerDelegate.swift */,
				44FB28241EB0313F006FCAA0 /* CustomOverlayView.xib */,
				44FB28331EB0313F006FCAA0 /* OverlayView.xib */,
				44FB28341EB0313F006FCAA0 /* PannableViewController.swift */,
				44FB28381EB0313F006FCAA0 /* TransitionAnimator.swift */,
			);
			name = Animations;
			sourceTree = "<group>";
		};
		44FB28411EB03313006FCAA0 /* About */ = {
			isa = PBXGroup;
			children = (
				44FB28091EB0313F006FCAA0 /* AboutTableViewCell.swift */,
				44FB280B1EB0313F006FCAA0 /* AccountViewController.swift */,
				44FB28351EB0313F006FCAA0 /* SettingsViewController.swift */,
			);
			name = About;
			sourceTree = "<group>";
		};
		ADE8AF427F472C233543B32F /* Frameworks */ = {
			isa = PBXGroup;
			children = (
				C62F2F795F36CDC2EDE7AF3F /* Pods_bFashionIster.framework */,
				CA7400A8A9E4ED873FCD2625 /* Pods_DressRelief.framework */,
			);
			name = Frameworks;
			sourceTree = "<group>";
		};
/* End PBXGroup section */

/* Begin PBXNativeTarget section */
		447797FD1DFC9EBA004DA42D /* DressRelief */ = {
			isa = PBXNativeTarget;
			buildConfigurationList = 447798101DFC9EBA004DA42D /* Build configuration list for PBXNativeTarget "DressRelief" */;
			buildPhases = (
				ADE9E1C4B167AA35814C6925 /* [CP] Check Pods Manifest.lock */,
				447797FA1DFC9EBA004DA42D /* Sources */,
				447797FB1DFC9EBA004DA42D /* Frameworks */,
				447797FC1DFC9EBA004DA42D /* Resources */,
				6E2F07C7661241A9D3FC06EE /* [CP] Embed Pods Frameworks */,
				903747D577296B23AFDC8D19 /* [CP] Copy Pods Resources */,
				441262991E5E7CBA00823815 /* ShellScript */,
			);
			buildRules = (
			);
			dependencies = (
			);
			name = DressRelief;
			productName = bFashionIster;
			productReference = 447797FE1DFC9EBA004DA42D /* DressRelief.app */;
			productType = "com.apple.product-type.application";
		};
/* End PBXNativeTarget section */

/* Begin PBXProject section */
		447797F61DFC9EBA004DA42D /* Project object */ = {
			isa = PBXProject;
			attributes = {
				LastSwiftUpdateCheck = 0810;
				LastUpgradeCheck = 0810;
				ORGANIZATIONNAME = "Mary Martinez";
				TargetAttributes = {
					447797FD1DFC9EBA004DA42D = {
						CreatedOnToolsVersion = 8.1;
						DevelopmentTeam = 6NZ47HJYTD;
						ProvisioningStyle = Automatic;
						SystemCapabilities = {
							com.apple.Push = {
								enabled = 0;
							};
							com.apple.iCloud = {
								enabled = 0;
							};
						};
					};
				};
			};
			buildConfigurationList = 447797F91DFC9EBA004DA42D /* Build configuration list for PBXProject "DressRelief" */;
			compatibilityVersion = "Xcode 3.2";
			developmentRegion = English;
			hasScannedForEncodings = 0;
			knownRegions = (
				en,
				Base,
			);
			mainGroup = 447797F51DFC9EBA004DA42D;
			productRefGroup = 447797FF1DFC9EBA004DA42D /* Products */;
			projectDirPath = "";
			projectRoot = "";
			targets = (
				447797FD1DFC9EBA004DA42D /* DressRelief */,
			);
		};
/* End PBXProject section */

/* Begin PBXResourcesBuildPhase section */
		447797FC1DFC9EBA004DA42D /* Resources */ = {
			isa = PBXResourcesBuildPhase;
			buildActionMask = 2147483647;
			files = (
				44FB28631EB033E9006FCAA0 /* Assets.xcassets in Resources */,
				44FB28641EB033E9006FCAA0 /* Account.storyboard in Resources */,
				44FB28651EB033E9006FCAA0 /* ArticleCRUD.storyboard in Resources */,
				44FB28661EB033E9006FCAA0 /* Articles.storyboard in Resources */,
				44FB28671EB033E9006FCAA0 /* Closet.storyboard in Resources */,
				44FB28681EB033E9006FCAA0 /* LaunchScreen.storyboard in Resources */,
				44FB28691EB033E9006FCAA0 /* ArticleCollectionViewCell.xib in Resources */,
				44FB286A1EB033E9006FCAA0 /* CustomOverlayView.xib in Resources */,
				44FB286B1EB033E9006FCAA0 /* OverlayView.xib in Resources */,
				44FB286C1EB033E9006FCAA0 /* OutfitArticleCollectionViewCell.xib in Resources */,
				44FB286D1EB033E9006FCAA0 /* OutfitCollectionViewCell.xib in Resources */,
			);
			runOnlyForDeploymentPostprocessing = 0;
		};
/* End PBXResourcesBuildPhase section */

/* Begin PBXShellScriptBuildPhase section */
		441262991E5E7CBA00823815 /* ShellScript */ = {
			isa = PBXShellScriptBuildPhase;
			buildActionMask = 2147483647;
			files = (
			);
			inputPaths = (
			);
			outputPaths = (
			);
			runOnlyForDeploymentPostprocessing = 0;
			shellPath = /bin/sh;
			shellScript = "\"${PODS_ROOT}/Fabric/run\" 2ae9ec07784493396eb75e4a3791ea120799b483 4586911712302130a2a2a00be98b4d9ed36af800085a2d38e31893d663b9394b";
		};
		6E2F07C7661241A9D3FC06EE /* [CP] Embed Pods Frameworks */ = {
			isa = PBXShellScriptBuildPhase;
			buildActionMask = 2147483647;
			files = (
			);
			inputPaths = (
			);
			name = "[CP] Embed Pods Frameworks";
			outputPaths = (
			);
			runOnlyForDeploymentPostprocessing = 0;
			shellPath = /bin/sh;
			shellScript = "\"${SRCROOT}/Pods/Target Support Files/Pods-DressRelief/Pods-DressRelief-frameworks.sh\"\n";
			showEnvVarsInLog = 0;
		};
		903747D577296B23AFDC8D19 /* [CP] Copy Pods Resources */ = {
			isa = PBXShellScriptBuildPhase;
			buildActionMask = 2147483647;
			files = (
			);
			inputPaths = (
			);
			name = "[CP] Copy Pods Resources";
			outputPaths = (
			);
			runOnlyForDeploymentPostprocessing = 0;
			shellPath = /bin/sh;
			shellScript = "\"${SRCROOT}/Pods/Target Support Files/Pods-DressRelief/Pods-DressRelief-resources.sh\"\n";
			showEnvVarsInLog = 0;
		};
		ADE9E1C4B167AA35814C6925 /* [CP] Check Pods Manifest.lock */ = {
			isa = PBXShellScriptBuildPhase;
			buildActionMask = 2147483647;
			files = (
			);
			inputPaths = (
			);
			name = "[CP] Check Pods Manifest.lock";
			outputPaths = (
			);
			runOnlyForDeploymentPostprocessing = 0;
			shellPath = /bin/sh;
			shellScript = "diff \"${PODS_ROOT}/../Podfile.lock\" \"${PODS_ROOT}/Manifest.lock\" > /dev/null\nif [ $? != 0 ] ; then\n    # print error to STDERR\n    echo \"error: The sandbox is not in sync with the Podfile.lock. Run 'pod install' or update your CocoaPods installation.\" >&2\n    exit 1\nfi\n";
			showEnvVarsInLog = 0;
		};
/* End PBXShellScriptBuildPhase section */

/* Begin PBXSourcesBuildPhase section */
		447797FA1DFC9EBA004DA42D /* Sources */ = {
			isa = PBXSourcesBuildPhase;
			buildActionMask = 2147483647;
			files = (
				44FB28421EB03396006FCAA0 /* AppDelegate.swift in Sources */,
				44FB28431EB03396006FCAA0 /* AboutTableViewCell.swift in Sources */,
				44FB28441EB03396006FCAA0 /* AccountViewController.swift in Sources */,
				44FB28451EB03396006FCAA0 /* SettingsViewController.swift in Sources */,
				44FB28461EB03396006FCAA0 /* ArticleCreateImageTableViewCell.swift in Sources */,
				44FB28471EB03396006FCAA0 /* ArticleCreateTableViewCell.swift in Sources */,
				44FB28481EB03396006FCAA0 /* ArticleCollectionViewCell.swift in Sources */,
				44FB28491EB03396006FCAA0 /* CameraViewController.swift in Sources */,
				44FB284A1EB03396006FCAA0 /* ArticleCollectionView.swift in Sources */,
				44FB284B1EB03396006FCAA0 /* BottomsViewController.swift in Sources */,
				44FB284C1EB03396006FCAA0 /* TopsViewController.swift in Sources */,
				44FB284D1EB03396006FCAA0 /* ArticleDetailViewController.swift in Sources */,
				44FB284E1EB03396006FCAA0 /* ArticleEditViewController.swift in Sources */,
				44FB284F1EB03396006FCAA0 /* ControllerDelegate.swift in Sources */,
				44FB28501EB03396006FCAA0 /* PannableViewController.swift in Sources */,
				44FB28511EB03396006FCAA0 /* TransitionAnimator.swift in Sources */,
				44FB28521EB03396006FCAA0 /* Extensions.swift in Sources */,
				44FB28531EB03396006FCAA0 /* Helper.swift in Sources */,
				44FB28541EB03396006FCAA0 /* MeuItemViewController.swift in Sources */,
				44FB28551EB03396006FCAA0 /* AboutItem.swift in Sources */,
				44FB28561EB03396006FCAA0 /* Article.swift in Sources */,
				44FB28571EB03396006FCAA0 /* Category.swift in Sources */,
				44FB28581EB03396006FCAA0 /* Color.swift in Sources */,
				44FB28591EB03396006FCAA0 /* MenuItem.swift in Sources */,
				44FB285A1EB03396006FCAA0 /* Outfit.swift in Sources */,
				44FB285B1EB03396006FCAA0 /* Texture.swift in Sources */,
				44FB285C1EB03396006FCAA0 /* User.swift in Sources */,
				44FB285D1EB03396006FCAA0 /* MyClosetViewController.swift in Sources */,
				44FB285E1EB03396006FCAA0 /* MyFavsViewController.swift in Sources */,
				44FB285F1EB03396006FCAA0 /* OutfitArticleCollectionViewCell.swift in Sources */,
				44FB28601EB03396006FCAA0 /* OutfitCategoryHeaderView.swift in Sources */,
				44FB28611EB03396006FCAA0 /* OutfitCollectionViewCell.swift in Sources */,
				44FB28621EB03396006FCAA0 /* OutfitDetailViewController.swift in Sources */,
			);
			runOnlyForDeploymentPostprocessing = 0;
		};
/* End PBXSourcesBuildPhase section */

/* Begin PBXVariantGroup section */
		44FB28161EB0313F006FCAA0 /* ArticleCRUD.storyboard */ = {
			isa = PBXVariantGroup;
			children = (
				44FB28171EB0313F006FCAA0 /* Base */,
			);
			name = ArticleCRUD.storyboard;
			sourceTree = "<group>";
		};
		44FB28181EB0313F006FCAA0 /* Articles.storyboard */ = {
			isa = PBXVariantGroup;
			children = (
				44FB28191EB0313F006FCAA0 /* Base */,
			);
			name = Articles.storyboard;
			sourceTree = "<group>";
		};
		44FB281A1EB0313F006FCAA0 /* Closet.storyboard */ = {
			isa = PBXVariantGroup;
			children = (
				44FB281B1EB0313F006FCAA0 /* Base */,
			);
			name = Closet.storyboard;
			sourceTree = "<group>";
		};
		44FB281C1EB0313F006FCAA0 /* LaunchScreen.storyboard */ = {
			isa = PBXVariantGroup;
			children = (
				44FB281D1EB0313F006FCAA0 /* Base */,
			);
			name = LaunchScreen.storyboard;
			sourceTree = "<group>";
		};
/* End PBXVariantGroup section */

/* Begin XCBuildConfiguration section */
		4477980E1DFC9EBA004DA42D /* Debug */ = {
			isa = XCBuildConfiguration;
			buildSettings = {
				ALWAYS_SEARCH_USER_PATHS = NO;
				CLANG_ANALYZER_NONNULL = YES;
				CLANG_CXX_LANGUAGE_STANDARD = "gnu++0x";
				CLANG_CXX_LIBRARY = "libc++";
				CLANG_ENABLE_MODULES = YES;
				CLANG_ENABLE_OBJC_ARC = YES;
				CLANG_WARN_BOOL_CONVERSION = YES;
				CLANG_WARN_CONSTANT_CONVERSION = YES;
				CLANG_WARN_DIRECT_OBJC_ISA_USAGE = YES_ERROR;
				CLANG_WARN_DOCUMENTATION_COMMENTS = YES;
				CLANG_WARN_EMPTY_BODY = YES;
				CLANG_WARN_ENUM_CONVERSION = YES;
				CLANG_WARN_INFINITE_RECURSION = YES;
				CLANG_WARN_INT_CONVERSION = YES;
				CLANG_WARN_OBJC_ROOT_CLASS = YES_ERROR;
				CLANG_WARN_SUSPICIOUS_MOVES = YES;
				CLANG_WARN_UNREACHABLE_CODE = YES;
				CLANG_WARN__DUPLICATE_METHOD_MATCH = YES;
				"CODE_SIGN_IDENTITY[sdk=iphoneos*]" = "iPhone Developer";
				COPY_PHASE_STRIP = NO;
				DEBUG_INFORMATION_FORMAT = dwarf;
				ENABLE_STRICT_OBJC_MSGSEND = YES;
				ENABLE_TESTABILITY = YES;
				GCC_C_LANGUAGE_STANDARD = gnu99;
				GCC_DYNAMIC_NO_PIC = NO;
				GCC_NO_COMMON_BLOCKS = YES;
				GCC_OPTIMIZATION_LEVEL = 0;
				GCC_PREPROCESSOR_DEFINITIONS = (
					"DEBUG=1",
					"$(inherited)",
				);
				GCC_WARN_64_TO_32_BIT_CONVERSION = YES;
				GCC_WARN_ABOUT_RETURN_TYPE = YES_ERROR;
				GCC_WARN_UNDECLARED_SELECTOR = YES;
				GCC_WARN_UNINITIALIZED_AUTOS = YES_AGGRESSIVE;
				GCC_WARN_UNUSED_FUNCTION = YES;
				GCC_WARN_UNUSED_VARIABLE = YES;
				IPHONEOS_DEPLOYMENT_TARGET = 10.1;
				MTL_ENABLE_DEBUG_INFO = YES;
				ONLY_ACTIVE_ARCH = YES;
				SDKROOT = iphoneos;
				SWIFT_ACTIVE_COMPILATION_CONDITIONS = DEBUG;
				SWIFT_OPTIMIZATION_LEVEL = "-Onone";
				TARGETED_DEVICE_FAMILY = "1,2";
			};
			name = Debug;
		};
		4477980F1DFC9EBA004DA42D /* Release */ = {
			isa = XCBuildConfiguration;
			buildSettings = {
				ALWAYS_SEARCH_USER_PATHS = NO;
				CLANG_ANALYZER_NONNULL = YES;
				CLANG_CXX_LANGUAGE_STANDARD = "gnu++0x";
				CLANG_CXX_LIBRARY = "libc++";
				CLANG_ENABLE_MODULES = YES;
				CLANG_ENABLE_OBJC_ARC = YES;
				CLANG_WARN_BOOL_CONVERSION = YES;
				CLANG_WARN_CONSTANT_CONVERSION = YES;
				CLANG_WARN_DIRECT_OBJC_ISA_USAGE = YES_ERROR;
				CLANG_WARN_DOCUMENTATION_COMMENTS = YES;
				CLANG_WARN_EMPTY_BODY = YES;
				CLANG_WARN_ENUM_CONVERSION = YES;
				CLANG_WARN_INFINITE_RECURSION = YES;
				CLANG_WARN_INT_CONVERSION = YES;
				CLANG_WARN_OBJC_ROOT_CLASS = YES_ERROR;
				CLANG_WARN_SUSPICIOUS_MOVES = YES;
				CLANG_WARN_UNREACHABLE_CODE = YES;
				CLANG_WARN__DUPLICATE_METHOD_MATCH = YES;
				"CODE_SIGN_IDENTITY[sdk=iphoneos*]" = "iPhone Developer";
				COPY_PHASE_STRIP = NO;
				DEBUG_INFORMATION_FORMAT = "dwarf-with-dsym";
				ENABLE_NS_ASSERTIONS = NO;
				ENABLE_STRICT_OBJC_MSGSEND = YES;
				GCC_C_LANGUAGE_STANDARD = gnu99;
				GCC_NO_COMMON_BLOCKS = YES;
				GCC_WARN_64_TO_32_BIT_CONVERSION = YES;
				GCC_WARN_ABOUT_RETURN_TYPE = YES_ERROR;
				GCC_WARN_UNDECLARED_SELECTOR = YES;
				GCC_WARN_UNINITIALIZED_AUTOS = YES_AGGRESSIVE;
				GCC_WARN_UNUSED_FUNCTION = YES;
				GCC_WARN_UNUSED_VARIABLE = YES;
				IPHONEOS_DEPLOYMENT_TARGET = 10.1;
				MTL_ENABLE_DEBUG_INFO = NO;
				SDKROOT = iphoneos;
				SWIFT_OPTIMIZATION_LEVEL = "-Owholemodule";
				TARGETED_DEVICE_FAMILY = "1,2";
				VALIDATE_PRODUCT = YES;
			};
			name = Release;
		};
		447798111DFC9EBA004DA42D /* Debug */ = {
			isa = XCBuildConfiguration;
			baseConfigurationReference = 91D91D67F8AFDB4A123C5A10 /* Pods-DressRelief.debug.xcconfig */;
			buildSettings = {
				ASSETCATALOG_COMPILER_APPICON_NAME = AppIcon;
				DEVELOPMENT_TEAM = 6NZ47HJYTD;
				INFOPLIST_FILE = "$(SRCROOT)/DressRelief/Info.plist";
				LD_RUNPATH_SEARCH_PATHS = "$(inherited) @executable_path/Frameworks";
				PRODUCT_BUNDLE_IDENTIFIER = com.mmartinez.DressRelief;
				PRODUCT_NAME = "$(TARGET_NAME)";
				SWIFT_VERSION = 3.0;
				TARGETED_DEVICE_FAMILY = 1;
			};
			name = Debug;
		};
		447798121DFC9EBA004DA42D /* Release */ = {
			isa = XCBuildConfiguration;
			baseConfigurationReference = 004CBB2DEEEDD580582C204A /* Pods-DressRelief.release.xcconfig */;
			buildSettings = {
				ASSETCATALOG_COMPILER_APPICON_NAME = AppIcon;
				DEVELOPMENT_TEAM = 6NZ47HJYTD;
				INFOPLIST_FILE = "$(SRCROOT)/DressRelief/Info.plist";
				LD_RUNPATH_SEARCH_PATHS = "$(inherited) @executable_path/Frameworks";
				PRODUCT_BUNDLE_IDENTIFIER = com.mmartinez.DressRelief;
				PRODUCT_NAME = "$(TARGET_NAME)";
				SWIFT_VERSION = 3.0;
				TARGETED_DEVICE_FAMILY = 1;
			};
			name = Release;
		};
/* End XCBuildConfiguration section */

/* Begin XCConfigurationList section */
		447797F91DFC9EBA004DA42D /* Build configuration list for PBXProject "DressRelief" */ = {
			isa = XCConfigurationList;
			buildConfigurations = (
				4477980E1DFC9EBA004DA42D /* Debug */,
				4477980F1DFC9EBA004DA42D /* Release */,
			);
			defaultConfigurationIsVisible = 0;
			defaultConfigurationName = Release;
		};
		447798101DFC9EBA004DA42D /* Build configuration list for PBXNativeTarget "DressRelief" */ = {
			isa = XCConfigurationList;
			buildConfigurations = (
				447798111DFC9EBA004DA42D /* Debug */,
				447798121DFC9EBA004DA42D /* Release */,
			);
			defaultConfigurationIsVisible = 0;
			defaultConfigurationName = Release;
		};
/* End XCConfigurationList section */
	};
	rootObject = 447797F61DFC9EBA004DA42D /* Project object */;
}
